PODS:
  - Differentiator (5.0.0)
  - FloatingPanel (2.8.0)
  - lottie-ios (4.3.3)
  - PKHUD (5.3.0)
  - Realm (10.44.0):
    - Realm/Headers (= 10.44.0)
  - Realm/Headers (10.44.0)
  - RealmSwift (10.44.0):
    - Realm (= 10.44.0)
  - RxCocoa (6.6.0):
    - RxRelay (= 6.6.0)
    - RxSwift (= 6.6.0)
  - RxDataSources (5.0.0):
    - Differentiator (~> 5.0)
    - RxCocoa (~> 6.0)
    - RxSwift (~> 6.0)
  - RxRealm (5.0.4):
    - Realm (~> 10.21)
    - RealmSwift (~> 10.21)
    - RxCocoa (~> 6.1)
    - RxSwift (~> 6.1)
  - RxRelay (6.6.0):
    - RxSwift (= 6.6.0)
  - RxSwift (6.6.0)
  - RxTest (6.6.0):
    - RxSwift (= 6.6.0)

DEPENDENCIES:
  - FloatingPanel
  - lottie-ios
  - PKHUD
  - RealmSwift
  - RxCocoa
  - RxDataSources
  - RxRealm
  - RxRelay
  - RxSwift
  - RxTest

SPEC REPOS:
  trunk:
    - Differentiator
    - FloatingPanel
    - lottie-ios
    - PKHUD
    - Realm
    - RealmSwift
    - RxCocoa
    - RxDataSources
    - RxRealm
    - RxRelay
    - RxSwift
    - RxTest

SPEC CHECKSUMS:
  Differentiator: e8497ceab83c1b10ca233716d547b9af21b9344d
  FloatingPanel: f585be005983e66f8f4932f93ca46bf9f09dae3a
  lottie-ios: 25e7b2675dad5c3ddad369ac9baab03560c5bfdd
  PKHUD: 98f3e4bc904b9c916f1c5bb6d765365b5357291b
  Realm: 0419a32457873acb720df25bf1d658df36967cf2
  RealmSwift: 352f85c018b4d0efe961974bfa95bf7a30e079f6
  RxCocoa: 44a80de90e25b739b5aeaae3c8c371a32e3343cc
  RxDataSources: aa47cc1ed6c500fa0dfecac5c979b723542d79cf
  RxRealm: 666c8785327fe2fff972a3093b35dc7055c1ca38
  RxRelay: 45eaa5db8ee4fb50e5ebd57deec0159e97fa51e6
  RxSwift: a4b44f7d24599f674deebd1818eab82e58410632
  RxTest: a23f26bb53a5e146a0a69db4f0fa0b69001ce7f4

PODFILE CHECKSUM: c9c12f531efc6f0c0a6c49fec7d54adb73e980cb

COCOAPODS: 1.11.3
