PODS:
  - Differentiator (5.0.0)
  - FloatingPanel (2.5.5)
  - lottie-ios (3.5.0)
  - PKHUD (5.3.0)
  - Realm (10.32.2):
    - Realm/Headers (= 10.32.2)
  - Realm/Headers (10.32.2)
  - RealmSwift (10.32.2):
    - Realm (= 10.32.2)
  - RxCocoa (6.5.0):
    - RxRelay (= 6.5.0)
    - RxSwift (= 6.5.0)
  - RxDataSources (5.0.0):
    - Differentiator (~> 5.0)
    - RxCocoa (~> 6.0)
    - RxSwift (~> 6.0)
  - RxRealm (5.0.4):
    - Realm (~> 10.21)
    - RealmSwift (~> 10.21)
    - RxCocoa (~> 6.1)
    - RxSwift (~> 6.1)
  - RxRelay (6.5.0):
    - RxSwift (= 6.5.0)
  - RxSwift (6.5.0)
  - RxTest (6.5.0):
    - RxSwift (= 6.5.0)

DEPENDENCIES:
  - FloatingPanel
  - lottie-ios
  - PKHUD
  - RealmSwift
  - RxCocoa
  - RxDataSources
  - RxRealm
  - RxRelay
  - RxSwift
  - RxTest

SPEC REPOS:
  trunk:
    - Differentiator
    - FloatingPanel
    - lottie-ios
    - PKHUD
    - Realm
    - RealmSwift
    - RxCocoa
    - RxDataSources
    - RxRealm
    - RxRelay
    - RxSwift
    - RxTest

SPEC CHECKSUMS:
  Differentiator: e8497ceab83c1b10ca233716d547b9af21b9344d
  FloatingPanel: a27e7827e0f710fa6236fe2596dd1b5484cb4fc1
  lottie-ios: c55158d67d0629a260625cc2ded2052b829e3c3e
  PKHUD: 98f3e4bc904b9c916f1c5bb6d765365b5357291b
  Realm: a11d133606e898ee43ddd3c24050a382c8d3eab1
  RealmSwift: f796f7701a5efa031554d5639ef5b2d4c850bc74
  RxCocoa: 94f817b71c07517321eb4f9ad299112ca8af743b
  RxDataSources: aa47cc1ed6c500fa0dfecac5c979b723542d79cf
  RxRealm: 666c8785327fe2fff972a3093b35dc7055c1ca38
  RxRelay: 1de1523e604c72b6c68feadedd1af3b1b4d0ecbd
  RxSwift: 5710a9e6b17f3c3d6e40d6e559b9fa1e813b2ef8
  RxTest: eb2d23adefc5a5ebf5779c7792fa3edfe6ebcc17

PODFILE CHECKSUM: 02f2ff3940c3afb55cc2f28172ccc15f649935f9

COCOAPODS: 1.11.3
