// !$*UTF8*$!
{
	archiveVersion = 1;
	classes = {
	};
	objectVersion = 56;
	objects = {

/* Begin PBXBuildFile section */
		87068BAD291097AD00131206 /* LisenceScrollViewController.swift in Sources */ = {isa = PBXBuildFile; fileRef = 87068BAC291097AD00131206 /* LisenceScrollViewController.swift */; };
		87068BAF291097BF00131206 /* FeedBackViewController.swift in Sources */ = {isa = PBXBuildFile; fileRef = 87068BAE291097BF00131206 /* FeedBackViewController.swift */; };
		87202B7529091C950036692B /* CheckHistory.swift in Sources */ = {isa = PBXBuildFile; fileRef = 87202B7429091C950036692B /* CheckHistory.swift */; };
		872CEEF6290FF308006340E7 /* WebViewController.swift in Sources */ = {isa = PBXBuildFile; fileRef = 872CEEF5290FF308006340E7 /* WebViewController.swift */; };
		872CEEF8291006BA006340E7 /* WebKit.framework in Frameworks */ = {isa = PBXBuildFile; fileRef = 872CEEF7291006BA006340E7 /* WebKit.framework */; };
		8730C40E290CEC420020629C /* TouchFeedbackView.swift in Sources */ = {isa = PBXBuildFile; fileRef = 8730C40D290CEC420020629C /* TouchFeedbackView.swift */; };
		8737AA82290FA66600CEB416 /* SettingStoryboard.storyboard in Resources */ = {isa = PBXBuildFile; fileRef = 8737AA81290FA66600CEB416 /* SettingStoryboard.storyboard */; };
		8743CC1628F0F3D50082C27C /* RegisterCheckItemViewController.swift in Sources */ = {isa = PBXBuildFile; fileRef = 8743CC1428F0F3D50082C27C /* RegisterCheckItemViewController.swift */; };
		8743CC1728F0F3D50082C27C /* RegisterCheckItemViewController.xib in Resources */ = {isa = PBXBuildFile; fileRef = 8743CC1528F0F3D50082C27C /* RegisterCheckItemViewController.xib */; };
		8743CC1A28F0F8F20082C27C /* Category.swift in Sources */ = {isa = PBXBuildFile; fileRef = 8743CC1928F0F8F20082C27C /* Category.swift */; };
		8743CC1C28F0F92E0082C27C /* CheckItem.swift in Sources */ = {isa = PBXBuildFile; fileRef = 8743CC1B28F0F92E0082C27C /* CheckItem.swift */; };
		874602CF2909F79A009D1D50 /* CheckHistoryViewController.swift in Sources */ = {isa = PBXBuildFile; fileRef = 874602CD2909F79A009D1D50 /* CheckHistoryViewController.swift */; };
		874602D02909F79A009D1D50 /* CheckHistoryViewController.xib in Resources */ = {isa = PBXBuildFile; fileRef = 874602CE2909F79A009D1D50 /* CheckHistoryViewController.xib */; };
		874602D22909F9F2009D1D50 /* CheckHistoryDataSource.swift in Sources */ = {isa = PBXBuildFile; fileRef = 874602D12909F9F2009D1D50 /* CheckHistoryDataSource.swift */; };
		874602D52909FB5B009D1D50 /* CheckHistoryTableViewCell.swift in Sources */ = {isa = PBXBuildFile; fileRef = 874602D32909FB5B009D1D50 /* CheckHistoryTableViewCell.swift */; };
		874602D62909FB5B009D1D50 /* CheckHistoryTableViewCell.xib in Resources */ = {isa = PBXBuildFile; fileRef = 874602D42909FB5B009D1D50 /* CheckHistoryTableViewCell.xib */; };
		874602D8290A0068009D1D50 /* CheckHistoryTableViewModel.swift in Sources */ = {isa = PBXBuildFile; fileRef = 874602D7290A0068009D1D50 /* CheckHistoryTableViewModel.swift */; };
		8757681628FA155000EB4E79 /* CategoryList.swift in Sources */ = {isa = PBXBuildFile; fileRef = 8757681528FA155000EB4E79 /* CategoryList.swift */; };
		8761619C290B622700F81DE2 /* DateUtils.swift in Sources */ = {isa = PBXBuildFile; fileRef = 8761619B290B622700F81DE2 /* DateUtils.swift */; };
		8766154528F012C300F0A8C1 /* CheckItemTableViewModel.swift in Sources */ = {isa = PBXBuildFile; fileRef = 8766154428F012C300F0A8C1 /* CheckItemTableViewModel.swift */; };
		8766155028F0153D00F0A8C1 /* CheckItemTableViewController.swift in Sources */ = {isa = PBXBuildFile; fileRef = 8766154E28F0153D00F0A8C1 /* CheckItemTableViewController.swift */; };
		8766155128F0153D00F0A8C1 /* CheckItemTableViewController.xib in Resources */ = {isa = PBXBuildFile; fileRef = 8766154F28F0153D00F0A8C1 /* CheckItemTableViewController.xib */; };
		8766155428F015B800F0A8C1 /* CheckItemTableViewCell.swift in Sources */ = {isa = PBXBuildFile; fileRef = 8766155228F015B800F0A8C1 /* CheckItemTableViewCell.swift */; };
		8766155528F015B800F0A8C1 /* CheckItemTableViewCell.xib in Resources */ = {isa = PBXBuildFile; fileRef = 8766155328F015B800F0A8C1 /* CheckItemTableViewCell.xib */; };
		8766155728F016B600F0A8C1 /* CheckItemDataSource.swift in Sources */ = {isa = PBXBuildFile; fileRef = 8766155628F016B600F0A8C1 /* CheckItemDataSource.swift */; };
		8782387E28F280E300804538 /* ViewController.swift in Sources */ = {isa = PBXBuildFile; fileRef = 8782387C28F280E200804538 /* ViewController.swift */; };
		8782387F28F280E300804538 /* ViewController.xib in Resources */ = {isa = PBXBuildFile; fileRef = 8782387D28F280E200804538 /* ViewController.xib */; };
		8784708029133CD5000E4DAD /* LisenceSwiftUIView.swift in Sources */ = {isa = PBXBuildFile; fileRef = 8784707F29133CD5000E4DAD /* LisenceSwiftUIView.swift */; };
		8795B5C4290657F800AAF894 /* CheckHistoryList.swift in Sources */ = {isa = PBXBuildFile; fileRef = 8795B5C3290657F800AAF894 /* CheckHistoryList.swift */; };
		87A2662D28EB14270091C282 /* CategoryTableViewController.swift in Sources */ = {isa = PBXBuildFile; fileRef = 87A2662B28EB14270091C282 /* CategoryTableViewController.swift */; };
		87A2662E28EB14270091C282 /* CategoryTableViewController.xib in Resources */ = {isa = PBXBuildFile; fileRef = 87A2662C28EB14270091C282 /* CategoryTableViewController.xib */; };
		87A2663028EB1AD40091C282 /* CategoryDataSource.swift in Sources */ = {isa = PBXBuildFile; fileRef = 87A2662F28EB1AD40091C282 /* CategoryDataSource.swift */; };
		87A2663F28EE60490091C282 /* RegisterCategoryViewController.swift in Sources */ = {isa = PBXBuildFile; fileRef = 87A2663D28EE60490091C282 /* RegisterCategoryViewController.swift */; };
		87A2664028EE60490091C282 /* RegisterCategoryViewController.xib in Resources */ = {isa = PBXBuildFile; fileRef = 87A2663E28EE60490091C282 /* RegisterCategoryViewController.xib */; };
		87A2664628EFB47C0091C282 /* FloatingPanelLayout.swift in Sources */ = {isa = PBXBuildFile; fileRef = 87A2664528EFB47C0091C282 /* FloatingPanelLayout.swift */; };
		87A2664928EFC2F80091C282 /* NSNotification.swift in Sources */ = {isa = PBXBuildFile; fileRef = 87A2664828EFC2F80091C282 /* NSNotification.swift */; };
		87B358B1290B9725006A28AE /* CategoryImageCollectionViewCell.swift in Sources */ = {isa = PBXBuildFile; fileRef = 87B358AF290B9725006A28AE /* CategoryImageCollectionViewCell.swift */; };
		87B358B2290B9725006A28AE /* CategoryImageCollectionViewCell.xib in Resources */ = {isa = PBXBuildFile; fileRef = 87B358B0290B9725006A28AE /* CategoryImageCollectionViewCell.xib */; };
		87B41B2128EAA1C1009F1046 /* AppDelegate.swift in Sources */ = {isa = PBXBuildFile; fileRef = 87B41B2028EAA1C1009F1046 /* AppDelegate.swift */; };
		87B41B2328EAA1C1009F1046 /* SceneDelegate.swift in Sources */ = {isa = PBXBuildFile; fileRef = 87B41B2228EAA1C1009F1046 /* SceneDelegate.swift */; };
		87B41B2A28EAA1C2009F1046 /* Assets.xcassets in Resources */ = {isa = PBXBuildFile; fileRef = 87B41B2928EAA1C2009F1046 /* Assets.xcassets */; };
		87B41B2D28EAA1C2009F1046 /* LaunchScreen.storyboard in Resources */ = {isa = PBXBuildFile; fileRef = 87B41B2B28EAA1C2009F1046 /* LaunchScreen.storyboard */; };
		87B41B3828EAA1C2009F1046 /* iOSApp_GoOutCheckListTests.swift in Sources */ = {isa = PBXBuildFile; fileRef = 87B41B3728EAA1C2009F1046 /* iOSApp_GoOutCheckListTests.swift */; };
		87B41B4228EAA1C2009F1046 /* iOSApp_GoOutCheckListUITests.swift in Sources */ = {isa = PBXBuildFile; fileRef = 87B41B4128EAA1C2009F1046 /* iOSApp_GoOutCheckListUITests.swift */; };
		87B41B4428EAA1C2009F1046 /* iOSApp_GoOutCheckListUITestsLaunchTests.swift in Sources */ = {isa = PBXBuildFile; fileRef = 87B41B4328EAA1C2009F1046 /* iOSApp_GoOutCheckListUITestsLaunchTests.swift */; };
		87B41BB028EAC58C009F1046 /* CategoryTableViewModel.swift in Sources */ = {isa = PBXBuildFile; fileRef = 87B41BAF28EAC58C009F1046 /* CategoryTableViewModel.swift */; };
		87C268D7290F6F50000319E5 /* SettingTableViewController.swift in Sources */ = {isa = PBXBuildFile; fileRef = 87C268D5290F6F50000319E5 /* SettingTableViewController.swift */; };
		87D4BA3C28F250780059F7FC /* CategoryTableViewCell.swift in Sources */ = {isa = PBXBuildFile; fileRef = 87D4BA3A28F250780059F7FC /* CategoryTableViewCell.swift */; };
		87D4BA3D28F250780059F7FC /* CategoryTableViewCell.xib in Resources */ = {isa = PBXBuildFile; fileRef = 87D4BA3B28F250780059F7FC /* CategoryTableViewCell.xib */; };
		87E52BE628EFE8F500B42937 /* CategoryTableViewTests.swift in Sources */ = {isa = PBXBuildFile; fileRef = 87E52BE528EFE8F500B42937 /* CategoryTableViewTests.swift */; };
		E6B9AF617A86399A182521FF /* Pods_iOSApp_GoOutCheckListUITests.framework in Frameworks */ = {isa = PBXBuildFile; fileRef = 162404F3B1DBC4A5F3B95394 /* Pods_iOSApp_GoOutCheckListUITests.framework */; };
		F2C93797B916B0E3EBB5EF70 /* Pods_iOSApp_GoOutCheckListTests.framework in Frameworks */ = {isa = PBXBuildFile; fileRef = 951D456C83C6206D5BBA761C /* Pods_iOSApp_GoOutCheckListTests.framework */; settings = {ATTRIBUTES = (Weak, ); }; };
		F834723A44CA72B233D147D9 /* Pods_iOSApp_GoOutCheckList.framework in Frameworks */ = {isa = PBXBuildFile; fileRef = DCF0207705D31C01C5C2A152 /* Pods_iOSApp_GoOutCheckList.framework */; settings = {ATTRIBUTES = (Weak, ); }; };
/* End PBXBuildFile section */

/* Begin PBXContainerItemProxy section */
		87B41B3428EAA1C2009F1046 /* PBXContainerItemProxy */ = {
			isa = PBXContainerItemProxy;
			containerPortal = 87B41B1528EAA1C1009F1046 /* Project object */;
			proxyType = 1;
			remoteGlobalIDString = 87B41B1C28EAA1C1009F1046;
			remoteInfo = "iOSApp-GoOutCheckList";
		};
		87B41B3E28EAA1C2009F1046 /* PBXContainerItemProxy */ = {
			isa = PBXContainerItemProxy;
			containerPortal = 87B41B1528EAA1C1009F1046 /* Project object */;
			proxyType = 1;
			remoteGlobalIDString = 87B41B1C28EAA1C1009F1046;
			remoteInfo = "iOSApp-GoOutCheckList";
		};
/* End PBXContainerItemProxy section */

/* Begin PBXFileReference section */
		162404F3B1DBC4A5F3B95394 /* Pods_iOSApp_GoOutCheckListUITests.framework */ = {isa = PBXFileReference; explicitFileType = wrapper.framework; includeInIndex = 0; path = Pods_iOSApp_GoOutCheckListUITests.framework; sourceTree = BUILT_PRODUCTS_DIR; };
		3556AEDF41E75EDCD0CB8BD4 /* Pods-iOSApp-GoOutCheckListUITests.debug.xcconfig */ = {isa = PBXFileReference; includeInIndex = 1; lastKnownFileType = text.xcconfig; name = "Pods-iOSApp-GoOutCheckListUITests.debug.xcconfig"; path = "Target Support Files/Pods-iOSApp-GoOutCheckListUITests/Pods-iOSApp-GoOutCheckListUITests.debug.xcconfig"; sourceTree = "<group>"; };
		87068BAC291097AD00131206 /* LisenceScrollViewController.swift */ = {isa = PBXFileReference; lastKnownFileType = sourcecode.swift; path = LisenceScrollViewController.swift; sourceTree = "<group>"; };
		87068BAE291097BF00131206 /* FeedBackViewController.swift */ = {isa = PBXFileReference; lastKnownFileType = sourcecode.swift; path = FeedBackViewController.swift; sourceTree = "<group>"; };
		87202B7429091C950036692B /* CheckHistory.swift */ = {isa = PBXFileReference; lastKnownFileType = sourcecode.swift; path = CheckHistory.swift; sourceTree = "<group>"; };
		872CEEF5290FF308006340E7 /* WebViewController.swift */ = {isa = PBXFileReference; lastKnownFileType = sourcecode.swift; path = WebViewController.swift; sourceTree = "<group>"; };
		872CEEF7291006BA006340E7 /* WebKit.framework */ = {isa = PBXFileReference; lastKnownFileType = wrapper.framework; name = WebKit.framework; path = System/Library/Frameworks/WebKit.framework; sourceTree = SDKROOT; };
		8730C40D290CEC420020629C /* TouchFeedbackView.swift */ = {isa = PBXFileReference; lastKnownFileType = sourcecode.swift; path = TouchFeedbackView.swift; sourceTree = "<group>"; };
		8737AA81290FA66600CEB416 /* SettingStoryboard.storyboard */ = {isa = PBXFileReference; lastKnownFileType = file.storyboard; path = SettingStoryboard.storyboard; sourceTree = "<group>"; };
		8743CC1428F0F3D50082C27C /* RegisterCheckItemViewController.swift */ = {isa = PBXFileReference; lastKnownFileType = sourcecode.swift; path = RegisterCheckItemViewController.swift; sourceTree = "<group>"; };
		8743CC1528F0F3D50082C27C /* RegisterCheckItemViewController.xib */ = {isa = PBXFileReference; lastKnownFileType = file.xib; path = RegisterCheckItemViewController.xib; sourceTree = "<group>"; };
		8743CC1928F0F8F20082C27C /* Category.swift */ = {isa = PBXFileReference; lastKnownFileType = sourcecode.swift; path = Category.swift; sourceTree = "<group>"; };
		8743CC1B28F0F92E0082C27C /* CheckItem.swift */ = {isa = PBXFileReference; lastKnownFileType = sourcecode.swift; path = CheckItem.swift; sourceTree = "<group>"; };
		874602CD2909F79A009D1D50 /* CheckHistoryViewController.swift */ = {isa = PBXFileReference; lastKnownFileType = sourcecode.swift; path = CheckHistoryViewController.swift; sourceTree = "<group>"; };
		874602CE2909F79A009D1D50 /* CheckHistoryViewController.xib */ = {isa = PBXFileReference; lastKnownFileType = file.xib; path = CheckHistoryViewController.xib; sourceTree = "<group>"; };
		874602D12909F9F2009D1D50 /* CheckHistoryDataSource.swift */ = {isa = PBXFileReference; lastKnownFileType = sourcecode.swift; path = CheckHistoryDataSource.swift; sourceTree = "<group>"; };
		874602D32909FB5B009D1D50 /* CheckHistoryTableViewCell.swift */ = {isa = PBXFileReference; lastKnownFileType = sourcecode.swift; path = CheckHistoryTableViewCell.swift; sourceTree = "<group>"; };
		874602D42909FB5B009D1D50 /* CheckHistoryTableViewCell.xib */ = {isa = PBXFileReference; lastKnownFileType = file.xib; path = CheckHistoryTableViewCell.xib; sourceTree = "<group>"; };
		874602D7290A0068009D1D50 /* CheckHistoryTableViewModel.swift */ = {isa = PBXFileReference; lastKnownFileType = sourcecode.swift; path = CheckHistoryTableViewModel.swift; sourceTree = "<group>"; };
		8757681528FA155000EB4E79 /* CategoryList.swift */ = {isa = PBXFileReference; lastKnownFileType = sourcecode.swift; path = CategoryList.swift; sourceTree = "<group>"; };
		8761619B290B622700F81DE2 /* DateUtils.swift */ = {isa = PBXFileReference; lastKnownFileType = sourcecode.swift; path = DateUtils.swift; sourceTree = "<group>"; };
		8766154428F012C300F0A8C1 /* CheckItemTableViewModel.swift */ = {isa = PBXFileReference; lastKnownFileType = sourcecode.swift; path = CheckItemTableViewModel.swift; sourceTree = "<group>"; };
		8766154E28F0153D00F0A8C1 /* CheckItemTableViewController.swift */ = {isa = PBXFileReference; lastKnownFileType = sourcecode.swift; path = CheckItemTableViewController.swift; sourceTree = "<group>"; };
		8766154F28F0153D00F0A8C1 /* CheckItemTableViewController.xib */ = {isa = PBXFileReference; lastKnownFileType = file.xib; path = CheckItemTableViewController.xib; sourceTree = "<group>"; };
		8766155228F015B800F0A8C1 /* CheckItemTableViewCell.swift */ = {isa = PBXFileReference; lastKnownFileType = sourcecode.swift; path = CheckItemTableViewCell.swift; sourceTree = "<group>"; };
		8766155328F015B800F0A8C1 /* CheckItemTableViewCell.xib */ = {isa = PBXFileReference; lastKnownFileType = file.xib; path = CheckItemTableViewCell.xib; sourceTree = "<group>"; };
		8766155628F016B600F0A8C1 /* CheckItemDataSource.swift */ = {isa = PBXFileReference; lastKnownFileType = sourcecode.swift; path = CheckItemDataSource.swift; sourceTree = "<group>"; };
		8782387C28F280E200804538 /* ViewController.swift */ = {isa = PBXFileReference; lastKnownFileType = sourcecode.swift; path = ViewController.swift; sourceTree = "<group>"; };
		8782387D28F280E200804538 /* ViewController.xib */ = {isa = PBXFileReference; lastKnownFileType = file.xib; path = ViewController.xib; sourceTree = "<group>"; };
		8784707F29133CD5000E4DAD /* LisenceSwiftUIView.swift */ = {isa = PBXFileReference; lastKnownFileType = sourcecode.swift; path = LisenceSwiftUIView.swift; sourceTree = "<group>"; };
		8795B5C3290657F800AAF894 /* CheckHistoryList.swift */ = {isa = PBXFileReference; lastKnownFileType = sourcecode.swift; path = CheckHistoryList.swift; sourceTree = "<group>"; };
		87A2662B28EB14270091C282 /* CategoryTableViewController.swift */ = {isa = PBXFileReference; lastKnownFileType = sourcecode.swift; path = CategoryTableViewController.swift; sourceTree = "<group>"; };
		87A2662C28EB14270091C282 /* CategoryTableViewController.xib */ = {isa = PBXFileReference; lastKnownFileType = file.xib; path = CategoryTableViewController.xib; sourceTree = "<group>"; };
		87A2662F28EB1AD40091C282 /* CategoryDataSource.swift */ = {isa = PBXFileReference; lastKnownFileType = sourcecode.swift; path = CategoryDataSource.swift; sourceTree = "<group>"; };
		87A2663D28EE60490091C282 /* RegisterCategoryViewController.swift */ = {isa = PBXFileReference; lastKnownFileType = sourcecode.swift; path = RegisterCategoryViewController.swift; sourceTree = "<group>"; };
		87A2663E28EE60490091C282 /* RegisterCategoryViewController.xib */ = {isa = PBXFileReference; lastKnownFileType = file.xib; path = RegisterCategoryViewController.xib; sourceTree = "<group>"; };
		87A2664528EFB47C0091C282 /* FloatingPanelLayout.swift */ = {isa = PBXFileReference; lastKnownFileType = sourcecode.swift; path = FloatingPanelLayout.swift; sourceTree = "<group>"; };
		87A2664828EFC2F80091C282 /* NSNotification.swift */ = {isa = PBXFileReference; lastKnownFileType = sourcecode.swift; path = NSNotification.swift; sourceTree = "<group>"; };
		87B358AF290B9725006A28AE /* CategoryImageCollectionViewCell.swift */ = {isa = PBXFileReference; lastKnownFileType = sourcecode.swift; path = CategoryImageCollectionViewCell.swift; sourceTree = "<group>"; };
		87B358B0290B9725006A28AE /* CategoryImageCollectionViewCell.xib */ = {isa = PBXFileReference; lastKnownFileType = file.xib; path = CategoryImageCollectionViewCell.xib; sourceTree = "<group>"; };
		87B41B1D28EAA1C1009F1046 /* iOSApp-GoOutCheckList.app */ = {isa = PBXFileReference; explicitFileType = wrapper.application; includeInIndex = 0; path = "iOSApp-GoOutCheckList.app"; sourceTree = BUILT_PRODUCTS_DIR; };
		87B41B2028EAA1C1009F1046 /* AppDelegate.swift */ = {isa = PBXFileReference; lastKnownFileType = sourcecode.swift; path = AppDelegate.swift; sourceTree = "<group>"; };
		87B41B2228EAA1C1009F1046 /* SceneDelegate.swift */ = {isa = PBXFileReference; lastKnownFileType = sourcecode.swift; path = SceneDelegate.swift; sourceTree = "<group>"; };
		87B41B2928EAA1C2009F1046 /* Assets.xcassets */ = {isa = PBXFileReference; lastKnownFileType = folder.assetcatalog; path = Assets.xcassets; sourceTree = "<group>"; };
		87B41B2C28EAA1C2009F1046 /* Base */ = {isa = PBXFileReference; lastKnownFileType = file.storyboard; name = Base; path = Base.lproj/LaunchScreen.storyboard; sourceTree = "<group>"; };
		87B41B2E28EAA1C2009F1046 /* Info.plist */ = {isa = PBXFileReference; lastKnownFileType = text.plist.xml; path = Info.plist; sourceTree = "<group>"; };
		87B41B3328EAA1C2009F1046 /* iOSApp-GoOutCheckListTests.xctest */ = {isa = PBXFileReference; explicitFileType = wrapper.cfbundle; includeInIndex = 0; path = "iOSApp-GoOutCheckListTests.xctest"; sourceTree = BUILT_PRODUCTS_DIR; };
		87B41B3728EAA1C2009F1046 /* iOSApp_GoOutCheckListTests.swift */ = {isa = PBXFileReference; lastKnownFileType = sourcecode.swift; path = iOSApp_GoOutCheckListTests.swift; sourceTree = "<group>"; };
		87B41B3D28EAA1C2009F1046 /* iOSApp-GoOutCheckListUITests.xctest */ = {isa = PBXFileReference; explicitFileType = wrapper.cfbundle; includeInIndex = 0; path = "iOSApp-GoOutCheckListUITests.xctest"; sourceTree = BUILT_PRODUCTS_DIR; };
		87B41B4128EAA1C2009F1046 /* iOSApp_GoOutCheckListUITests.swift */ = {isa = PBXFileReference; lastKnownFileType = sourcecode.swift; path = iOSApp_GoOutCheckListUITests.swift; sourceTree = "<group>"; };
		87B41B4328EAA1C2009F1046 /* iOSApp_GoOutCheckListUITestsLaunchTests.swift */ = {isa = PBXFileReference; lastKnownFileType = sourcecode.swift; path = iOSApp_GoOutCheckListUITestsLaunchTests.swift; sourceTree = "<group>"; };
		87B41BAF28EAC58C009F1046 /* CategoryTableViewModel.swift */ = {isa = PBXFileReference; lastKnownFileType = sourcecode.swift; path = CategoryTableViewModel.swift; sourceTree = "<group>"; };
		87C268D5290F6F50000319E5 /* SettingTableViewController.swift */ = {isa = PBXFileReference; lastKnownFileType = sourcecode.swift; path = SettingTableViewController.swift; sourceTree = "<group>"; };
		87D4BA3A28F250780059F7FC /* CategoryTableViewCell.swift */ = {isa = PBXFileReference; lastKnownFileType = sourcecode.swift; path = CategoryTableViewCell.swift; sourceTree = "<group>"; };
		87D4BA3B28F250780059F7FC /* CategoryTableViewCell.xib */ = {isa = PBXFileReference; lastKnownFileType = file.xib; path = CategoryTableViewCell.xib; sourceTree = "<group>"; };
		87E52BE528EFE8F500B42937 /* CategoryTableViewTests.swift */ = {isa = PBXFileReference; lastKnownFileType = sourcecode.swift; path = CategoryTableViewTests.swift; sourceTree = "<group>"; };
		88F52D017C5797685D117751 /* Pods-iOSApp-GoOutCheckList.release.xcconfig */ = {isa = PBXFileReference; includeInIndex = 1; lastKnownFileType = text.xcconfig; name = "Pods-iOSApp-GoOutCheckList.release.xcconfig"; path = "Target Support Files/Pods-iOSApp-GoOutCheckList/Pods-iOSApp-GoOutCheckList.release.xcconfig"; sourceTree = "<group>"; };
		951D456C83C6206D5BBA761C /* Pods_iOSApp_GoOutCheckListTests.framework */ = {isa = PBXFileReference; explicitFileType = wrapper.framework; includeInIndex = 0; path = Pods_iOSApp_GoOutCheckListTests.framework; sourceTree = BUILT_PRODUCTS_DIR; };
		9FC804F6D57454BBF63A43E0 /* Pods-iOSApp-GoOutCheckList-iOSApp-GoOutCheckListUITests.debug.xcconfig */ = {isa = PBXFileReference; includeInIndex = 1; lastKnownFileType = text.xcconfig; name = "Pods-iOSApp-GoOutCheckList-iOSApp-GoOutCheckListUITests.debug.xcconfig"; path = "Target Support Files/Pods-iOSApp-GoOutCheckList-iOSApp-GoOutCheckListUITests/Pods-iOSApp-GoOutCheckList-iOSApp-GoOutCheckListUITests.debug.xcconfig"; sourceTree = "<group>"; };
		AB00ED0FAD7E5DCED4FD3B2A /* Pods-iOSApp-GoOutCheckList-iOSApp-GoOutCheckListUITests.release.xcconfig */ = {isa = PBXFileReference; includeInIndex = 1; lastKnownFileType = text.xcconfig; name = "Pods-iOSApp-GoOutCheckList-iOSApp-GoOutCheckListUITests.release.xcconfig"; path = "Target Support Files/Pods-iOSApp-GoOutCheckList-iOSApp-GoOutCheckListUITests/Pods-iOSApp-GoOutCheckList-iOSApp-GoOutCheckListUITests.release.xcconfig"; sourceTree = "<group>"; };
		ADA8528B60CC60A49D46D6BC /* Pods-iOSApp-GoOutCheckListTests.release.xcconfig */ = {isa = PBXFileReference; includeInIndex = 1; lastKnownFileType = text.xcconfig; name = "Pods-iOSApp-GoOutCheckListTests.release.xcconfig"; path = "Target Support Files/Pods-iOSApp-GoOutCheckListTests/Pods-iOSApp-GoOutCheckListTests.release.xcconfig"; sourceTree = "<group>"; };
		C7B7F83AA719D42AF15FD542 /* Pods-iOSApp-GoOutCheckListTests.debug.xcconfig */ = {isa = PBXFileReference; includeInIndex = 1; lastKnownFileType = text.xcconfig; name = "Pods-iOSApp-GoOutCheckListTests.debug.xcconfig"; path = "Target Support Files/Pods-iOSApp-GoOutCheckListTests/Pods-iOSApp-GoOutCheckListTests.debug.xcconfig"; sourceTree = "<group>"; };
		D419496B92DE86E296024D17 /* Pods-iOSApp-GoOutCheckList.debug.xcconfig */ = {isa = PBXFileReference; includeInIndex = 1; lastKnownFileType = text.xcconfig; name = "Pods-iOSApp-GoOutCheckList.debug.xcconfig"; path = "Target Support Files/Pods-iOSApp-GoOutCheckList/Pods-iOSApp-GoOutCheckList.debug.xcconfig"; sourceTree = "<group>"; };
		DCF0207705D31C01C5C2A152 /* Pods_iOSApp_GoOutCheckList.framework */ = {isa = PBXFileReference; explicitFileType = wrapper.framework; includeInIndex = 0; path = Pods_iOSApp_GoOutCheckList.framework; sourceTree = BUILT_PRODUCTS_DIR; };
		E6F09ADA5B37089804CA2901 /* Pods-iOSApp-GoOutCheckListUITests.release.xcconfig */ = {isa = PBXFileReference; includeInIndex = 1; lastKnownFileType = text.xcconfig; name = "Pods-iOSApp-GoOutCheckListUITests.release.xcconfig"; path = "Target Support Files/Pods-iOSApp-GoOutCheckListUITests/Pods-iOSApp-GoOutCheckListUITests.release.xcconfig"; sourceTree = "<group>"; };
/* End PBXFileReference section */

/* Begin PBXFrameworksBuildPhase section */
		87B41B1A28EAA1C1009F1046 /* Frameworks */ = {
			isa = PBXFrameworksBuildPhase;
			buildActionMask = 2147483647;
			files = (
				872CEEF8291006BA006340E7 /* WebKit.framework in Frameworks */,
				F834723A44CA72B233D147D9 /* Pods_iOSApp_GoOutCheckList.framework in Frameworks */,
			);
			runOnlyForDeploymentPostprocessing = 0;
		};
		87B41B3028EAA1C2009F1046 /* Frameworks */ = {
			isa = PBXFrameworksBuildPhase;
			buildActionMask = 2147483647;
			files = (
				F2C93797B916B0E3EBB5EF70 /* Pods_iOSApp_GoOutCheckListTests.framework in Frameworks */,
			);
			runOnlyForDeploymentPostprocessing = 0;
		};
		87B41B3A28EAA1C2009F1046 /* Frameworks */ = {
			isa = PBXFrameworksBuildPhase;
			buildActionMask = 2147483647;
			files = (
				E6B9AF617A86399A182521FF /* Pods_iOSApp_GoOutCheckListUITests.framework in Frameworks */,
			);
			runOnlyForDeploymentPostprocessing = 0;
		};
/* End PBXFrameworksBuildPhase section */

/* Begin PBXGroup section */
		19CC481A46BBF481C09D3E63 /* Frameworks */ = {
			isa = PBXGroup;
			children = (
				872CEEF7291006BA006340E7 /* WebKit.framework */,
				DCF0207705D31C01C5C2A152 /* Pods_iOSApp_GoOutCheckList.framework */,
				951D456C83C6206D5BBA761C /* Pods_iOSApp_GoOutCheckListTests.framework */,
				162404F3B1DBC4A5F3B95394 /* Pods_iOSApp_GoOutCheckListUITests.framework */,
			);
			name = Frameworks;
			sourceTree = "<group>";
		};
		8743CC1328F0F34D0082C27C /* RegisterCheckItemView */ = {
			isa = PBXGroup;
			children = (
				8743CC1428F0F3D50082C27C /* RegisterCheckItemViewController.swift */,
				8743CC1528F0F3D50082C27C /* RegisterCheckItemViewController.xib */,
			);
			path = RegisterCheckItemView;
			sourceTree = "<group>";
		};
		8743CC1828F0F8380082C27C /* Helpers */ = {
			isa = PBXGroup;
			children = (
				87A2664528EFB47C0091C282 /* FloatingPanelLayout.swift */,
				8730C40D290CEC420020629C /* TouchFeedbackView.swift */,
			);
			path = Helpers;
			sourceTree = "<group>";
		};
		874602CC2909F75A009D1D50 /* CheckHistoryTableView */ = {
			isa = PBXGroup;
			children = (
				874602CD2909F79A009D1D50 /* CheckHistoryViewController.swift */,
				874602CE2909F79A009D1D50 /* CheckHistoryViewController.xib */,
				874602D32909FB5B009D1D50 /* CheckHistoryTableViewCell.swift */,
				874602D42909FB5B009D1D50 /* CheckHistoryTableViewCell.xib */,
			);
			path = CheckHistoryTableView;
			sourceTree = "<group>";
		};
		8766153D28F011AF00F0A8C1 /* CheckItemTableView */ = {
			isa = PBXGroup;
			children = (
				8766154E28F0153D00F0A8C1 /* CheckItemTableViewController.swift */,
				8766154F28F0153D00F0A8C1 /* CheckItemTableViewController.xib */,
				8766155228F015B800F0A8C1 /* CheckItemTableViewCell.swift */,
				8766155328F015B800F0A8C1 /* CheckItemTableViewCell.xib */,
			);
			path = CheckItemTableView;
			sourceTree = "<group>";
		};
		8772349B28EB120C0050A791 /* CategoryTableView */ = {
			isa = PBXGroup;
			children = (
				87A2662B28EB14270091C282 /* CategoryTableViewController.swift */,
				87A2662C28EB14270091C282 /* CategoryTableViewController.xib */,
				87D4BA3A28F250780059F7FC /* CategoryTableViewCell.swift */,
				87D4BA3B28F250780059F7FC /* CategoryTableViewCell.xib */,
			);
			path = CategoryTableView;
			sourceTree = "<group>";
		};
		87A2663128EB27AC0091C282 /* DataSource */ = {
			isa = PBXGroup;
			children = (
				87A2662F28EB1AD40091C282 /* CategoryDataSource.swift */,
				8766155628F016B600F0A8C1 /* CheckItemDataSource.swift */,
				874602D12909F9F2009D1D50 /* CheckHistoryDataSource.swift */,
			);
			path = DataSource;
			sourceTree = "<group>";
		};
		87A2663C28EE60120091C282 /* RegisterCategoryView */ = {
			isa = PBXGroup;
			children = (
				87A2663D28EE60490091C282 /* RegisterCategoryViewController.swift */,
				87A2663E28EE60490091C282 /* RegisterCategoryViewController.xib */,
				87B358AF290B9725006A28AE /* CategoryImageCollectionViewCell.swift */,
				87B358B0290B9725006A28AE /* CategoryImageCollectionViewCell.xib */,
			);
			path = RegisterCategoryView;
			sourceTree = "<group>";
		};
		87A2664728EFC2E30091C282 /* Extentions */ = {
			isa = PBXGroup;
			children = (
				87A2664828EFC2F80091C282 /* NSNotification.swift */,
			);
			path = Extentions;
			sourceTree = "<group>";
		};
		87B41B1428EAA1C1009F1046 = {
			isa = PBXGroup;
			children = (
				87B41B1F28EAA1C1009F1046 /* iOSApp-GoOutCheckList */,
				87B41B3628EAA1C2009F1046 /* iOSApp-GoOutCheckListTests */,
				87B41B4028EAA1C2009F1046 /* iOSApp-GoOutCheckListUITests */,
				87B41B1E28EAA1C1009F1046 /* Products */,
				C9E198960E2D818CF5C0DA96 /* Pods */,
				19CC481A46BBF481C09D3E63 /* Frameworks */,
			);
			sourceTree = "<group>";
		};
		87B41B1E28EAA1C1009F1046 /* Products */ = {
			isa = PBXGroup;
			children = (
				87B41B1D28EAA1C1009F1046 /* iOSApp-GoOutCheckList.app */,
				87B41B3328EAA1C2009F1046 /* iOSApp-GoOutCheckListTests.xctest */,
				87B41B3D28EAA1C2009F1046 /* iOSApp-GoOutCheckListUITests.xctest */,
			);
			name = Products;
			sourceTree = "<group>";
		};
		87B41B1F28EAA1C1009F1046 /* iOSApp-GoOutCheckList */ = {
			isa = PBXGroup;
			children = (
				87B41BA428EAC387009F1046 /* Models */,
				87A2663128EB27AC0091C282 /* DataSource */,
				87B41BA528EAC38E009F1046 /* View */,
				87B41BA628EAC394009F1046 /* ViewModel */,
				87A2664728EFC2E30091C282 /* Extentions */,
				87B41B2028EAA1C1009F1046 /* AppDelegate.swift */,
				87B41B2228EAA1C1009F1046 /* SceneDelegate.swift */,
				87B41B2928EAA1C2009F1046 /* Assets.xcassets */,
				87B41B2B28EAA1C2009F1046 /* LaunchScreen.storyboard */,
				87B41B2E28EAA1C2009F1046 /* Info.plist */,
			);
			path = "iOSApp-GoOutCheckList";
			sourceTree = "<group>";
		};
		87B41B3628EAA1C2009F1046 /* iOSApp-GoOutCheckListTests */ = {
			isa = PBXGroup;
			children = (
				87B41B3728EAA1C2009F1046 /* iOSApp_GoOutCheckListTests.swift */,
				87E52BE528EFE8F500B42937 /* CategoryTableViewTests.swift */,
			);
			path = "iOSApp-GoOutCheckListTests";
			sourceTree = "<group>";
		};
		87B41B4028EAA1C2009F1046 /* iOSApp-GoOutCheckListUITests */ = {
			isa = PBXGroup;
			children = (
				87B41B4128EAA1C2009F1046 /* iOSApp_GoOutCheckListUITests.swift */,
				87B41B4328EAA1C2009F1046 /* iOSApp_GoOutCheckListUITestsLaunchTests.swift */,
			);
			path = "iOSApp-GoOutCheckListUITests";
			sourceTree = "<group>";
		};
		87B41BA428EAC387009F1046 /* Models */ = {
			isa = PBXGroup;
			children = (
				8757681528FA155000EB4E79 /* CategoryList.swift */,
				8743CC1928F0F8F20082C27C /* Category.swift */,
				8743CC1B28F0F92E0082C27C /* CheckItem.swift */,
				8795B5C3290657F800AAF894 /* CheckHistoryList.swift */,
				87202B7429091C950036692B /* CheckHistory.swift */,
				8761619B290B622700F81DE2 /* DateUtils.swift */,
			);
			path = Models;
			sourceTree = "<group>";
		};
		87B41BA528EAC38E009F1046 /* View */ = {
			isa = PBXGroup;
			children = (
				8772349B28EB120C0050A791 /* CategoryTableView */,
				87A2663C28EE60120091C282 /* RegisterCategoryView */,
				8766153D28F011AF00F0A8C1 /* CheckItemTableView */,
				8743CC1328F0F34D0082C27C /* RegisterCheckItemView */,
				874602CC2909F75A009D1D50 /* CheckHistoryTableView */,
				87D53CDF290F68B1005E27D2 /* SettingTableView */,
				8743CC1828F0F8380082C27C /* Helpers */,
				8782387C28F280E200804538 /* ViewController.swift */,
				8782387D28F280E200804538 /* ViewController.xib */,
			);
			path = View;
			sourceTree = "<group>";
		};
		87B41BA628EAC394009F1046 /* ViewModel */ = {
			isa = PBXGroup;
			children = (
				87B41BAF28EAC58C009F1046 /* CategoryTableViewModel.swift */,
				8766154428F012C300F0A8C1 /* CheckItemTableViewModel.swift */,
				874602D7290A0068009D1D50 /* CheckHistoryTableViewModel.swift */,
			);
			path = ViewModel;
			sourceTree = "<group>";
		};
		87D53CDF290F68B1005E27D2 /* SettingTableView */ = {
			isa = PBXGroup;
			children = (
				8737AA81290FA66600CEB416 /* SettingStoryboard.storyboard */,
				87C268D5290F6F50000319E5 /* SettingTableViewController.swift */,
				872CEEF5290FF308006340E7 /* WebViewController.swift */,
				87068BAC291097AD00131206 /* LisenceScrollViewController.swift */,
				87068BAE291097BF00131206 /* FeedBackViewController.swift */,
				8784707F29133CD5000E4DAD /* LisenceSwiftUIView.swift */,
			);
			path = SettingTableView;
			sourceTree = "<group>";
		};
		C9E198960E2D818CF5C0DA96 /* Pods */ = {
			isa = PBXGroup;
			children = (
				D419496B92DE86E296024D17 /* Pods-iOSApp-GoOutCheckList.debug.xcconfig */,
				88F52D017C5797685D117751 /* Pods-iOSApp-GoOutCheckList.release.xcconfig */,
				C7B7F83AA719D42AF15FD542 /* Pods-iOSApp-GoOutCheckListTests.debug.xcconfig */,
				ADA8528B60CC60A49D46D6BC /* Pods-iOSApp-GoOutCheckListTests.release.xcconfig */,
				3556AEDF41E75EDCD0CB8BD4 /* Pods-iOSApp-GoOutCheckListUITests.debug.xcconfig */,
				E6F09ADA5B37089804CA2901 /* Pods-iOSApp-GoOutCheckListUITests.release.xcconfig */,
				9FC804F6D57454BBF63A43E0 /* Pods-iOSApp-GoOutCheckList-iOSApp-GoOutCheckListUITests.debug.xcconfig */,
				AB00ED0FAD7E5DCED4FD3B2A /* Pods-iOSApp-GoOutCheckList-iOSApp-GoOutCheckListUITests.release.xcconfig */,
			);
			path = Pods;
			sourceTree = "<group>";
		};
/* End PBXGroup section */

/* Begin PBXNativeTarget section */
		87B41B1C28EAA1C1009F1046 /* iOSApp-GoOutCheckList */ = {
			isa = PBXNativeTarget;
			buildConfigurationList = 87B41B4728EAA1C2009F1046 /* Build configuration list for PBXNativeTarget "iOSApp-GoOutCheckList" */;
			buildPhases = (
				47842D32E539F156C2DFFCC2 /* [CP] Check Pods Manifest.lock */,
				87B41B1928EAA1C1009F1046 /* Sources */,
				87B41B1A28EAA1C1009F1046 /* Frameworks */,
				87B41B1B28EAA1C1009F1046 /* Resources */,
				6EDA9F29EE5DEF98134EF735 /* [CP] Embed Pods Frameworks */,
			);
			buildRules = (
			);
			dependencies = (
			);
			name = "iOSApp-GoOutCheckList";
			productName = "iOSApp-GoOutCheckList";
			productReference = 87B41B1D28EAA1C1009F1046 /* iOSApp-GoOutCheckList.app */;
			productType = "com.apple.product-type.application";
		};
		87B41B3228EAA1C2009F1046 /* iOSApp-GoOutCheckListTests */ = {
			isa = PBXNativeTarget;
			buildConfigurationList = 87B41B4A28EAA1C2009F1046 /* Build configuration list for PBXNativeTarget "iOSApp-GoOutCheckListTests" */;
			buildPhases = (
				59484AD014F9FDE9791D6CA0 /* [CP] Check Pods Manifest.lock */,
				87B41B2F28EAA1C2009F1046 /* Sources */,
				87B41B3028EAA1C2009F1046 /* Frameworks */,
				87B41B3128EAA1C2009F1046 /* Resources */,
				BF9DAF9F676E62E11042763E /* [CP] Embed Pods Frameworks */,
			);
			buildRules = (
			);
			dependencies = (
				87B41B3528EAA1C2009F1046 /* PBXTargetDependency */,
			);
			name = "iOSApp-GoOutCheckListTests";
			productName = "iOSApp-GoOutCheckListTests";
			productReference = 87B41B3328EAA1C2009F1046 /* iOSApp-GoOutCheckListTests.xctest */;
			productType = "com.apple.product-type.bundle.unit-test";
		};
		87B41B3C28EAA1C2009F1046 /* iOSApp-GoOutCheckListUITests */ = {
			isa = PBXNativeTarget;
			buildConfigurationList = 87B41B4D28EAA1C2009F1046 /* Build configuration list for PBXNativeTarget "iOSApp-GoOutCheckListUITests" */;
			buildPhases = (
				57D89BAAB13B0CF73A24CA5D /* [CP] Check Pods Manifest.lock */,
				87B41B3928EAA1C2009F1046 /* Sources */,
				87B41B3A28EAA1C2009F1046 /* Frameworks */,
				87B41B3B28EAA1C2009F1046 /* Resources */,
				D974934D4D70972AFD8F0D37 /* [CP] Embed Pods Frameworks */,
			);
			buildRules = (
			);
			dependencies = (
				87B41B3F28EAA1C2009F1046 /* PBXTargetDependency */,
			);
			name = "iOSApp-GoOutCheckListUITests";
			productName = "iOSApp-GoOutCheckListUITests";
			productReference = 87B41B3D28EAA1C2009F1046 /* iOSApp-GoOutCheckListUITests.xctest */;
			productType = "com.apple.product-type.bundle.ui-testing";
		};
/* End PBXNativeTarget section */

/* Begin PBXProject section */
		87B41B1528EAA1C1009F1046 /* Project object */ = {
			isa = PBXProject;
			attributes = {
				BuildIndependentTargetsInParallel = 1;
				LastSwiftUpdateCheck = 1400;
				LastUpgradeCheck = 1400;
				TargetAttributes = {
					87B41B1C28EAA1C1009F1046 = {
						CreatedOnToolsVersion = 14.0.1;
					};
					87B41B3228EAA1C2009F1046 = {
						CreatedOnToolsVersion = 14.0.1;
						TestTargetID = 87B41B1C28EAA1C1009F1046;
					};
					87B41B3C28EAA1C2009F1046 = {
						CreatedOnToolsVersion = 14.0.1;
						TestTargetID = 87B41B1C28EAA1C1009F1046;
					};
				};
			};
			buildConfigurationList = 87B41B1828EAA1C1009F1046 /* Build configuration list for PBXProject "iOSApp-GoOutCheckList" */;
			compatibilityVersion = "Xcode 14.0";
			developmentRegion = en;
			hasScannedForEncodings = 0;
			knownRegions = (
				en,
				Base,
			);
			mainGroup = 87B41B1428EAA1C1009F1046;
			productRefGroup = 87B41B1E28EAA1C1009F1046 /* Products */;
			projectDirPath = "";
			projectRoot = "";
			targets = (
				87B41B1C28EAA1C1009F1046 /* iOSApp-GoOutCheckList */,
				87B41B3228EAA1C2009F1046 /* iOSApp-GoOutCheckListTests */,
				87B41B3C28EAA1C2009F1046 /* iOSApp-GoOutCheckListUITests */,
			);
		};
/* End PBXProject section */

/* Begin PBXResourcesBuildPhase section */
		87B41B1B28EAA1C1009F1046 /* Resources */ = {
			isa = PBXResourcesBuildPhase;
			buildActionMask = 2147483647;
			files = (
				87B358B2290B9725006A28AE /* CategoryImageCollectionViewCell.xib in Resources */,
				8766155528F015B800F0A8C1 /* CheckItemTableViewCell.xib in Resources */,
				874602D62909FB5B009D1D50 /* CheckHistoryTableViewCell.xib in Resources */,
				8782387F28F280E300804538 /* ViewController.xib in Resources */,
				87B41B2D28EAA1C2009F1046 /* LaunchScreen.storyboard in Resources */,
				8737AA82290FA66600CEB416 /* SettingStoryboard.storyboard in Resources */,
				87B41B2A28EAA1C2009F1046 /* Assets.xcassets in Resources */,
				87D4BA3D28F250780059F7FC /* CategoryTableViewCell.xib in Resources */,
				8743CC1728F0F3D50082C27C /* RegisterCheckItemViewController.xib in Resources */,
				8766155128F0153D00F0A8C1 /* CheckItemTableViewController.xib in Resources */,
				87A2662E28EB14270091C282 /* CategoryTableViewController.xib in Resources */,
				874602D02909F79A009D1D50 /* CheckHistoryViewController.xib in Resources */,
				87A2664028EE60490091C282 /* RegisterCategoryViewController.xib in Resources */,
			);
			runOnlyForDeploymentPostprocessing = 0;
		};
		87B41B3128EAA1C2009F1046 /* Resources */ = {
			isa = PBXResourcesBuildPhase;
			buildActionMask = 2147483647;
			files = (
			);
			runOnlyForDeploymentPostprocessing = 0;
		};
		87B41B3B28EAA1C2009F1046 /* Resources */ = {
			isa = PBXResourcesBuildPhase;
			buildActionMask = 2147483647;
			files = (
			);
			runOnlyForDeploymentPostprocessing = 0;
		};
/* End PBXResourcesBuildPhase section */

/* Begin PBXShellScriptBuildPhase section */
		47842D32E539F156C2DFFCC2 /* [CP] Check Pods Manifest.lock */ = {
			isa = PBXShellScriptBuildPhase;
			buildActionMask = 2147483647;
			files = (
			);
			inputFileListPaths = (
			);
			inputPaths = (
				"${PODS_PODFILE_DIR_PATH}/Podfile.lock",
				"${PODS_ROOT}/Manifest.lock",
			);
			name = "[CP] Check Pods Manifest.lock";
			outputFileListPaths = (
			);
			outputPaths = (
				"$(DERIVED_FILE_DIR)/Pods-iOSApp-GoOutCheckList-checkManifestLockResult.txt",
			);
			runOnlyForDeploymentPostprocessing = 0;
			shellPath = /bin/sh;
			shellScript = "diff \"${PODS_PODFILE_DIR_PATH}/Podfile.lock\" \"${PODS_ROOT}/Manifest.lock\" > /dev/null\nif [ $? != 0 ] ; then\n    # print error to STDERR\n    echo \"error: The sandbox is not in sync with the Podfile.lock. Run 'pod install' or update your CocoaPods installation.\" >&2\n    exit 1\nfi\n# This output is used by Xcode 'outputs' to avoid re-running this script phase.\necho \"SUCCESS\" > \"${SCRIPT_OUTPUT_FILE_0}\"\n";
			showEnvVarsInLog = 0;
		};
		57D89BAAB13B0CF73A24CA5D /* [CP] Check Pods Manifest.lock */ = {
			isa = PBXShellScriptBuildPhase;
			buildActionMask = 2147483647;
			files = (
			);
			inputFileListPaths = (
			);
			inputPaths = (
				"${PODS_PODFILE_DIR_PATH}/Podfile.lock",
				"${PODS_ROOT}/Manifest.lock",
			);
			name = "[CP] Check Pods Manifest.lock";
			outputFileListPaths = (
			);
			outputPaths = (
				"$(DERIVED_FILE_DIR)/Pods-iOSApp-GoOutCheckListUITests-checkManifestLockResult.txt",
			);
			runOnlyForDeploymentPostprocessing = 0;
			shellPath = /bin/sh;
			shellScript = "diff \"${PODS_PODFILE_DIR_PATH}/Podfile.lock\" \"${PODS_ROOT}/Manifest.lock\" > /dev/null\nif [ $? != 0 ] ; then\n    # print error to STDERR\n    echo \"error: The sandbox is not in sync with the Podfile.lock. Run 'pod install' or update your CocoaPods installation.\" >&2\n    exit 1\nfi\n# This output is used by Xcode 'outputs' to avoid re-running this script phase.\necho \"SUCCESS\" > \"${SCRIPT_OUTPUT_FILE_0}\"\n";
			showEnvVarsInLog = 0;
		};
		59484AD014F9FDE9791D6CA0 /* [CP] Check Pods Manifest.lock */ = {
			isa = PBXShellScriptBuildPhase;
			buildActionMask = 2147483647;
			files = (
			);
			inputFileListPaths = (
			);
			inputPaths = (
				"${PODS_PODFILE_DIR_PATH}/Podfile.lock",
				"${PODS_ROOT}/Manifest.lock",
			);
			name = "[CP] Check Pods Manifest.lock";
			outputFileListPaths = (
			);
			outputPaths = (
				"$(DERIVED_FILE_DIR)/Pods-iOSApp-GoOutCheckListTests-checkManifestLockResult.txt",
			);
			runOnlyForDeploymentPostprocessing = 0;
			shellPath = /bin/sh;
			shellScript = "diff \"${PODS_PODFILE_DIR_PATH}/Podfile.lock\" \"${PODS_ROOT}/Manifest.lock\" > /dev/null\nif [ $? != 0 ] ; then\n    # print error to STDERR\n    echo \"error: The sandbox is not in sync with the Podfile.lock. Run 'pod install' or update your CocoaPods installation.\" >&2\n    exit 1\nfi\n# This output is used by Xcode 'outputs' to avoid re-running this script phase.\necho \"SUCCESS\" > \"${SCRIPT_OUTPUT_FILE_0}\"\n";
			showEnvVarsInLog = 0;
		};
		6EDA9F29EE5DEF98134EF735 /* [CP] Embed Pods Frameworks */ = {
			isa = PBXShellScriptBuildPhase;
			buildActionMask = 2147483647;
			files = (
			);
			inputFileListPaths = (
				"${PODS_ROOT}/Target Support Files/Pods-iOSApp-GoOutCheckList/Pods-iOSApp-GoOutCheckList-frameworks-${CONFIGURATION}-input-files.xcfilelist",
			);
			name = "[CP] Embed Pods Frameworks";
			outputFileListPaths = (
				"${PODS_ROOT}/Target Support Files/Pods-iOSApp-GoOutCheckList/Pods-iOSApp-GoOutCheckList-frameworks-${CONFIGURATION}-output-files.xcfilelist",
			);
			runOnlyForDeploymentPostprocessing = 0;
			shellPath = /bin/sh;
			shellScript = "\"${PODS_ROOT}/Target Support Files/Pods-iOSApp-GoOutCheckList/Pods-iOSApp-GoOutCheckList-frameworks.sh\"\n";
			showEnvVarsInLog = 0;
		};
		BF9DAF9F676E62E11042763E /* [CP] Embed Pods Frameworks */ = {
			isa = PBXShellScriptBuildPhase;
			buildActionMask = 2147483647;
			files = (
			);
			inputFileListPaths = (
				"${PODS_ROOT}/Target Support Files/Pods-iOSApp-GoOutCheckListTests/Pods-iOSApp-GoOutCheckListTests-frameworks-${CONFIGURATION}-input-files.xcfilelist",
			);
			name = "[CP] Embed Pods Frameworks";
			outputFileListPaths = (
				"${PODS_ROOT}/Target Support Files/Pods-iOSApp-GoOutCheckListTests/Pods-iOSApp-GoOutCheckListTests-frameworks-${CONFIGURATION}-output-files.xcfilelist",
			);
			runOnlyForDeploymentPostprocessing = 0;
			shellPath = /bin/sh;
			shellScript = "\"${PODS_ROOT}/Target Support Files/Pods-iOSApp-GoOutCheckListTests/Pods-iOSApp-GoOutCheckListTests-frameworks.sh\"\n";
			showEnvVarsInLog = 0;
		};
		D974934D4D70972AFD8F0D37 /* [CP] Embed Pods Frameworks */ = {
			isa = PBXShellScriptBuildPhase;
			buildActionMask = 2147483647;
			files = (
			);
			inputFileListPaths = (
				"${PODS_ROOT}/Target Support Files/Pods-iOSApp-GoOutCheckListUITests/Pods-iOSApp-GoOutCheckListUITests-frameworks-${CONFIGURATION}-input-files.xcfilelist",
			);
			name = "[CP] Embed Pods Frameworks";
			outputFileListPaths = (
				"${PODS_ROOT}/Target Support Files/Pods-iOSApp-GoOutCheckListUITests/Pods-iOSApp-GoOutCheckListUITests-frameworks-${CONFIGURATION}-output-files.xcfilelist",
			);
			runOnlyForDeploymentPostprocessing = 0;
			shellPath = /bin/sh;
			shellScript = "\"${PODS_ROOT}/Target Support Files/Pods-iOSApp-GoOutCheckListUITests/Pods-iOSApp-GoOutCheckListUITests-frameworks.sh\"\n";
			showEnvVarsInLog = 0;
		};
/* End PBXShellScriptBuildPhase section */

/* Begin PBXSourcesBuildPhase section */
		87B41B1928EAA1C1009F1046 /* Sources */ = {
			isa = PBXSourcesBuildPhase;
			buildActionMask = 2147483647;
			files = (
				8766154528F012C300F0A8C1 /* CheckItemTableViewModel.swift in Sources */,
				87B41BB028EAC58C009F1046 /* CategoryTableViewModel.swift in Sources */,
				8766155728F016B600F0A8C1 /* CheckItemDataSource.swift in Sources */,
				874602CF2909F79A009D1D50 /* CheckHistoryViewController.swift in Sources */,
				874602D22909F9F2009D1D50 /* CheckHistoryDataSource.swift in Sources */,
				87A2664628EFB47C0091C282 /* FloatingPanelLayout.swift in Sources */,
				8743CC1628F0F3D50082C27C /* RegisterCheckItemViewController.swift in Sources */,
				87A2663028EB1AD40091C282 /* CategoryDataSource.swift in Sources */,
				8743CC1C28F0F92E0082C27C /* CheckItem.swift in Sources */,
				874602D52909FB5B009D1D50 /* CheckHistoryTableViewCell.swift in Sources */,
				87D4BA3C28F250780059F7FC /* CategoryTableViewCell.swift in Sources */,
				87068BAD291097AD00131206 /* LisenceScrollViewController.swift in Sources */,
				87B41B2128EAA1C1009F1046 /* AppDelegate.swift in Sources */,
				8761619C290B622700F81DE2 /* DateUtils.swift in Sources */,
				8782387E28F280E300804538 /* ViewController.swift in Sources */,
				87B41B2328EAA1C1009F1046 /* SceneDelegate.swift in Sources */,
				874602D8290A0068009D1D50 /* CheckHistoryTableViewModel.swift in Sources */,
				8766155028F0153D00F0A8C1 /* CheckItemTableViewController.swift in Sources */,
				8730C40E290CEC420020629C /* TouchFeedbackView.swift in Sources */,
				87A2663F28EE60490091C282 /* RegisterCategoryViewController.swift in Sources */,
				87C268D7290F6F50000319E5 /* SettingTableViewController.swift in Sources */,
				87068BAF291097BF00131206 /* FeedBackViewController.swift in Sources */,
				872CEEF6290FF308006340E7 /* WebViewController.swift in Sources */,
				87202B7529091C950036692B /* CheckHistory.swift in Sources */,
				87A2664928EFC2F80091C282 /* NSNotification.swift in Sources */,
				8766155428F015B800F0A8C1 /* CheckItemTableViewCell.swift in Sources */,
				8743CC1A28F0F8F20082C27C /* Category.swift in Sources */,
				87A2662D28EB14270091C282 /* CategoryTableViewController.swift in Sources */,
				8784708029133CD5000E4DAD /* LisenceSwiftUIView.swift in Sources */,
				8757681628FA155000EB4E79 /* CategoryList.swift in Sources */,
				87B358B1290B9725006A28AE /* CategoryImageCollectionViewCell.swift in Sources */,
				8795B5C4290657F800AAF894 /* CheckHistoryList.swift in Sources */,
			);
			runOnlyForDeploymentPostprocessing = 0;
		};
		87B41B2F28EAA1C2009F1046 /* Sources */ = {
			isa = PBXSourcesBuildPhase;
			buildActionMask = 2147483647;
			files = (
				87B41B3828EAA1C2009F1046 /* iOSApp_GoOutCheckListTests.swift in Sources */,
				87E52BE628EFE8F500B42937 /* CategoryTableViewTests.swift in Sources */,
			);
			runOnlyForDeploymentPostprocessing = 0;
		};
		87B41B3928EAA1C2009F1046 /* Sources */ = {
			isa = PBXSourcesBuildPhase;
			buildActionMask = 2147483647;
			files = (
				87B41B4428EAA1C2009F1046 /* iOSApp_GoOutCheckListUITestsLaunchTests.swift in Sources */,
				87B41B4228EAA1C2009F1046 /* iOSApp_GoOutCheckListUITests.swift in Sources */,
			);
			runOnlyForDeploymentPostprocessing = 0;
		};
/* End PBXSourcesBuildPhase section */

/* Begin PBXTargetDependency section */
		87B41B3528EAA1C2009F1046 /* PBXTargetDependency */ = {
			isa = PBXTargetDependency;
			target = 87B41B1C28EAA1C1009F1046 /* iOSApp-GoOutCheckList */;
			targetProxy = 87B41B3428EAA1C2009F1046 /* PBXContainerItemProxy */;
		};
		87B41B3F28EAA1C2009F1046 /* PBXTargetDependency */ = {
			isa = PBXTargetDependency;
			target = 87B41B1C28EAA1C1009F1046 /* iOSApp-GoOutCheckList */;
			targetProxy = 87B41B3E28EAA1C2009F1046 /* PBXContainerItemProxy */;
		};
/* End PBXTargetDependency section */

/* Begin PBXVariantGroup section */
		87B41B2B28EAA1C2009F1046 /* LaunchScreen.storyboard */ = {
			isa = PBXVariantGroup;
			children = (
				87B41B2C28EAA1C2009F1046 /* Base */,
			);
			name = LaunchScreen.storyboard;
			sourceTree = "<group>";
		};
/* End PBXVariantGroup section */

/* Begin XCBuildConfiguration section */
		87B41B4528EAA1C2009F1046 /* Debug */ = {
			isa = XCBuildConfiguration;
			buildSettings = {
				ALWAYS_SEARCH_USER_PATHS = NO;
				CLANG_ANALYZER_NONNULL = YES;
				CLANG_ANALYZER_NUMBER_OBJECT_CONVERSION = YES_AGGRESSIVE;
				CLANG_CXX_LANGUAGE_STANDARD = "gnu++20";
				CLANG_ENABLE_MODULES = YES;
				CLANG_ENABLE_OBJC_ARC = YES;
				CLANG_ENABLE_OBJC_WEAK = YES;
				CLANG_WARN_BLOCK_CAPTURE_AUTORELEASING = YES;
				CLANG_WARN_BOOL_CONVERSION = YES;
				CLANG_WARN_COMMA = YES;
				CLANG_WARN_CONSTANT_CONVERSION = YES;
				CLANG_WARN_DEPRECATED_OBJC_IMPLEMENTATIONS = YES;
				CLANG_WARN_DIRECT_OBJC_ISA_USAGE = YES_ERROR;
				CLANG_WARN_DOCUMENTATION_COMMENTS = YES;
				CLANG_WARN_EMPTY_BODY = YES;
				CLANG_WARN_ENUM_CONVERSION = YES;
				CLANG_WARN_INFINITE_RECURSION = YES;
				CLANG_WARN_INT_CONVERSION = YES;
				CLANG_WARN_NON_LITERAL_NULL_CONVERSION = YES;
				CLANG_WARN_OBJC_IMPLICIT_RETAIN_SELF = YES;
				CLANG_WARN_OBJC_LITERAL_CONVERSION = YES;
				CLANG_WARN_OBJC_ROOT_CLASS = YES_ERROR;
				CLANG_WARN_QUOTED_INCLUDE_IN_FRAMEWORK_HEADER = YES;
				CLANG_WARN_RANGE_LOOP_ANALYSIS = YES;
				CLANG_WARN_STRICT_PROTOTYPES = YES;
				CLANG_WARN_SUSPICIOUS_MOVE = YES;
				CLANG_WARN_UNGUARDED_AVAILABILITY = YES_AGGRESSIVE;
				CLANG_WARN_UNREACHABLE_CODE = YES;
				CLANG_WARN__DUPLICATE_METHOD_MATCH = YES;
				COPY_PHASE_STRIP = NO;
				DEBUG_INFORMATION_FORMAT = dwarf;
				ENABLE_STRICT_OBJC_MSGSEND = YES;
				ENABLE_TESTABILITY = YES;
				GCC_C_LANGUAGE_STANDARD = gnu11;
				GCC_DYNAMIC_NO_PIC = NO;
				GCC_NO_COMMON_BLOCKS = YES;
				GCC_OPTIMIZATION_LEVEL = 0;
				GCC_PREPROCESSOR_DEFINITIONS = (
					"DEBUG=1",
					"$(inherited)",
				);
				GCC_WARN_64_TO_32_BIT_CONVERSION = YES;
				GCC_WARN_ABOUT_RETURN_TYPE = YES_ERROR;
				GCC_WARN_UNDECLARED_SELECTOR = YES;
				GCC_WARN_UNINITIALIZED_AUTOS = YES_AGGRESSIVE;
				GCC_WARN_UNUSED_FUNCTION = YES;
				GCC_WARN_UNUSED_VARIABLE = YES;
				IPHONEOS_DEPLOYMENT_TARGET = 13.0;
				MTL_ENABLE_DEBUG_INFO = INCLUDE_SOURCE;
				MTL_FAST_MATH = YES;
				ONLY_ACTIVE_ARCH = YES;
				SDKROOT = iphoneos;
				SWIFT_ACTIVE_COMPILATION_CONDITIONS = DEBUG;
				SWIFT_OPTIMIZATION_LEVEL = "-Onone";
			};
			name = Debug;
		};
		87B41B4628EAA1C2009F1046 /* Release */ = {
			isa = XCBuildConfiguration;
			buildSettings = {
				ALWAYS_SEARCH_USER_PATHS = NO;
				CLANG_ANALYZER_NONNULL = YES;
				CLANG_ANALYZER_NUMBER_OBJECT_CONVERSION = YES_AGGRESSIVE;
				CLANG_CXX_LANGUAGE_STANDARD = "gnu++20";
				CLANG_ENABLE_MODULES = YES;
				CLANG_ENABLE_OBJC_ARC = YES;
				CLANG_ENABLE_OBJC_WEAK = YES;
				CLANG_WARN_BLOCK_CAPTURE_AUTORELEASING = YES;
				CLANG_WARN_BOOL_CONVERSION = YES;
				CLANG_WARN_COMMA = YES;
				CLANG_WARN_CONSTANT_CONVERSION = YES;
				CLANG_WARN_DEPRECATED_OBJC_IMPLEMENTATIONS = YES;
				CLANG_WARN_DIRECT_OBJC_ISA_USAGE = YES_ERROR;
				CLANG_WARN_DOCUMENTATION_COMMENTS = YES;
				CLANG_WARN_EMPTY_BODY = YES;
				CLANG_WARN_ENUM_CONVERSION = YES;
				CLANG_WARN_INFINITE_RECURSION = YES;
				CLANG_WARN_INT_CONVERSION = YES;
				CLANG_WARN_NON_LITERAL_NULL_CONVERSION = YES;
				CLANG_WARN_OBJC_IMPLICIT_RETAIN_SELF = YES;
				CLANG_WARN_OBJC_LITERAL_CONVERSION = YES;
				CLANG_WARN_OBJC_ROOT_CLASS = YES_ERROR;
				CLANG_WARN_QUOTED_INCLUDE_IN_FRAMEWORK_HEADER = YES;
				CLANG_WARN_RANGE_LOOP_ANALYSIS = YES;
				CLANG_WARN_STRICT_PROTOTYPES = YES;
				CLANG_WARN_SUSPICIOUS_MOVE = YES;
				CLANG_WARN_UNGUARDED_AVAILABILITY = YES_AGGRESSIVE;
				CLANG_WARN_UNREACHABLE_CODE = YES;
				CLANG_WARN__DUPLICATE_METHOD_MATCH = YES;
				COPY_PHASE_STRIP = NO;
				DEBUG_INFORMATION_FORMAT = "dwarf-with-dsym";
				ENABLE_NS_ASSERTIONS = NO;
				ENABLE_STRICT_OBJC_MSGSEND = YES;
				GCC_C_LANGUAGE_STANDARD = gnu11;
				GCC_NO_COMMON_BLOCKS = YES;
				GCC_WARN_64_TO_32_BIT_CONVERSION = YES;
				GCC_WARN_ABOUT_RETURN_TYPE = YES_ERROR;
				GCC_WARN_UNDECLARED_SELECTOR = YES;
				GCC_WARN_UNINITIALIZED_AUTOS = YES_AGGRESSIVE;
				GCC_WARN_UNUSED_FUNCTION = YES;
				GCC_WARN_UNUSED_VARIABLE = YES;
				IPHONEOS_DEPLOYMENT_TARGET = 13.0;
				MTL_ENABLE_DEBUG_INFO = NO;
				MTL_FAST_MATH = YES;
				SDKROOT = iphoneos;
				SWIFT_COMPILATION_MODE = wholemodule;
				SWIFT_OPTIMIZATION_LEVEL = "-O";
				VALIDATE_PRODUCT = YES;
			};
			name = Release;
		};
		87B41B4828EAA1C2009F1046 /* Debug */ = {
			isa = XCBuildConfiguration;
			baseConfigurationReference = D419496B92DE86E296024D17 /* Pods-iOSApp-GoOutCheckList.debug.xcconfig */;
			buildSettings = {
				ASSETCATALOG_COMPILER_APPICON_NAME = AppIcon;
				ASSETCATALOG_COMPILER_GLOBAL_ACCENT_COLOR_NAME = AccentColor;
				CODE_SIGN_STYLE = Automatic;
				CURRENT_PROJECT_VERSION = 1;
				DEVELOPMENT_TEAM = 558ZJSQN67;
				GENERATE_INFOPLIST_FILE = YES;
				INFOPLIST_FILE = "iOSApp-GoOutCheckList/Info.plist";
				INFOPLIST_KEY_UIApplicationSupportsIndirectInputEvents = YES;
				INFOPLIST_KEY_UILaunchStoryboardName = LaunchScreen.storyboard;
				INFOPLIST_KEY_UISupportedInterfaceOrientations_iPad = "UIInterfaceOrientationPortrait UIInterfaceOrientationPortraitUpsideDown UIInterfaceOrientationLandscapeLeft UIInterfaceOrientationLandscapeRight";
				INFOPLIST_KEY_UISupportedInterfaceOrientations_iPhone = "UIInterfaceOrientationPortrait UIInterfaceOrientationLandscapeLeft UIInterfaceOrientationLandscapeRight";
				INFOPLIST_KEY_UIUserInterfaceStyle = Light;
				IPHONEOS_DEPLOYMENT_TARGET = 13.0;
				LD_RUNPATH_SEARCH_PATHS = (
					"$(inherited)",
					"@executable_path/Frameworks",
				);
				MARKETING_VERSION = 1.0;
				PRODUCT_BUNDLE_IDENTIFIER = "org.tetoblog.iOSApp-GoOutCheckList";
				PRODUCT_NAME = "$(TARGET_NAME)";
				SWIFT_EMIT_LOC_STRINGS = YES;
				SWIFT_VERSION = 5.0;
				TARGETED_DEVICE_FAMILY = "1,2";
			};
			name = Debug;
		};
		87B41B4928EAA1C2009F1046 /* Release */ = {
			isa = XCBuildConfiguration;
			baseConfigurationReference = 88F52D017C5797685D117751 /* Pods-iOSApp-GoOutCheckList.release.xcconfig */;
			buildSettings = {
				ASSETCATALOG_COMPILER_APPICON_NAME = AppIcon;
				ASSETCATALOG_COMPILER_GLOBAL_ACCENT_COLOR_NAME = AccentColor;
				CODE_SIGN_STYLE = Automatic;
				CURRENT_PROJECT_VERSION = 1;
				DEVELOPMENT_TEAM = 558ZJSQN67;
				GENERATE_INFOPLIST_FILE = YES;
				INFOPLIST_FILE = "iOSApp-GoOutCheckList/Info.plist";
				INFOPLIST_KEY_UIApplicationSupportsIndirectInputEvents = YES;
				INFOPLIST_KEY_UILaunchStoryboardName = LaunchScreen.storyboard;
				INFOPLIST_KEY_UISupportedInterfaceOrientations_iPad = "UIInterfaceOrientationPortrait UIInterfaceOrientationPortraitUpsideDown UIInterfaceOrientationLandscapeLeft UIInterfaceOrientationLandscapeRight";
				INFOPLIST_KEY_UISupportedInterfaceOrientations_iPhone = "UIInterfaceOrientationPortrait UIInterfaceOrientationLandscapeLeft UIInterfaceOrientationLandscapeRight";
				INFOPLIST_KEY_UIUserInterfaceStyle = Light;
				IPHONEOS_DEPLOYMENT_TARGET = 13.0;
				LD_RUNPATH_SEARCH_PATHS = (
					"$(inherited)",
					"@executable_path/Frameworks",
				);
				MARKETING_VERSION = 1.0;
				PRODUCT_BUNDLE_IDENTIFIER = "org.tetoblog.iOSApp-GoOutCheckList";
				PRODUCT_NAME = "$(TARGET_NAME)";
				SWIFT_EMIT_LOC_STRINGS = YES;
				SWIFT_VERSION = 5.0;
				TARGETED_DEVICE_FAMILY = "1,2";
			};
			name = Release;
		};
		87B41B4B28EAA1C2009F1046 /* Debug */ = {
			isa = XCBuildConfiguration;
			baseConfigurationReference = C7B7F83AA719D42AF15FD542 /* Pods-iOSApp-GoOutCheckListTests.debug.xcconfig */;
			buildSettings = {
				ALWAYS_EMBED_SWIFT_STANDARD_LIBRARIES = YES;
				BUNDLE_LOADER = "$(TEST_HOST)";
				CODE_SIGN_STYLE = Automatic;
				CURRENT_PROJECT_VERSION = 1;
				DEVELOPMENT_TEAM = 558ZJSQN67;
				GENERATE_INFOPLIST_FILE = YES;
				IPHONEOS_DEPLOYMENT_TARGET = 13.0;
				MARKETING_VERSION = 1.0;
				PRODUCT_BUNDLE_IDENTIFIER = "org.tetoblog.iOSApp-GoOutCheckListTests";
				PRODUCT_NAME = "$(TARGET_NAME)";
				SWIFT_EMIT_LOC_STRINGS = NO;
				SWIFT_VERSION = 5.0;
				TARGETED_DEVICE_FAMILY = "1,2";
				TEST_HOST = "$(BUILT_PRODUCTS_DIR)/iOSApp-GoOutCheckList.app/$(BUNDLE_EXECUTABLE_FOLDER_PATH)/iOSApp-GoOutCheckList";
			};
			name = Debug;
		};
		87B41B4C28EAA1C2009F1046 /* Release */ = {
			isa = XCBuildConfiguration;
			baseConfigurationReference = ADA8528B60CC60A49D46D6BC /* Pods-iOSApp-GoOutCheckListTests.release.xcconfig */;
			buildSettings = {
				ALWAYS_EMBED_SWIFT_STANDARD_LIBRARIES = YES;
				BUNDLE_LOADER = "$(TEST_HOST)";
				CODE_SIGN_STYLE = Automatic;
				CURRENT_PROJECT_VERSION = 1;
				DEVELOPMENT_TEAM = 558ZJSQN67;
				GENERATE_INFOPLIST_FILE = YES;
				IPHONEOS_DEPLOYMENT_TARGET = 13.0;
				MARKETING_VERSION = 1.0;
				PRODUCT_BUNDLE_IDENTIFIER = "org.tetoblog.iOSApp-GoOutCheckListTests";
				PRODUCT_NAME = "$(TARGET_NAME)";
				SWIFT_EMIT_LOC_STRINGS = NO;
				SWIFT_VERSION = 5.0;
				TARGETED_DEVICE_FAMILY = "1,2";
				TEST_HOST = "$(BUILT_PRODUCTS_DIR)/iOSApp-GoOutCheckList.app/$(BUNDLE_EXECUTABLE_FOLDER_PATH)/iOSApp-GoOutCheckList";
			};
			name = Release;
		};
		87B41B4E28EAA1C2009F1046 /* Debug */ = {
			isa = XCBuildConfiguration;
			baseConfigurationReference = 3556AEDF41E75EDCD0CB8BD4 /* Pods-iOSApp-GoOutCheckListUITests.debug.xcconfig */;
			buildSettings = {
				ALWAYS_EMBED_SWIFT_STANDARD_LIBRARIES = YES;
				CODE_SIGN_STYLE = Automatic;
				CURRENT_PROJECT_VERSION = 1;
				DEVELOPMENT_TEAM = 558ZJSQN67;
				GENERATE_INFOPLIST_FILE = YES;
				MARKETING_VERSION = 1.0;
				PRODUCT_BUNDLE_IDENTIFIER = "org.tetoblog.iOSApp-GoOutCheckListUITests";
				PRODUCT_NAME = "$(TARGET_NAME)";
				SWIFT_EMIT_LOC_STRINGS = NO;
				SWIFT_VERSION = 5.0;
				TARGETED_DEVICE_FAMILY = "1,2";
				TEST_TARGET_NAME = "iOSApp-GoOutCheckList";
			};
			name = Debug;
		};
		87B41B4F28EAA1C2009F1046 /* Release */ = {
			isa = XCBuildConfiguration;
			baseConfigurationReference = E6F09ADA5B37089804CA2901 /* Pods-iOSApp-GoOutCheckListUITests.release.xcconfig */;
			buildSettings = {
				ALWAYS_EMBED_SWIFT_STANDARD_LIBRARIES = YES;
				CODE_SIGN_STYLE = Automatic;
				CURRENT_PROJECT_VERSION = 1;
				DEVELOPMENT_TEAM = 558ZJSQN67;
				GENERATE_INFOPLIST_FILE = YES;
				MARKETING_VERSION = 1.0;
				PRODUCT_BUNDLE_IDENTIFIER = "org.tetoblog.iOSApp-GoOutCheckListUITests";
				PRODUCT_NAME = "$(TARGET_NAME)";
				SWIFT_EMIT_LOC_STRINGS = NO;
				SWIFT_VERSION = 5.0;
				TARGETED_DEVICE_FAMILY = "1,2";
				TEST_TARGET_NAME = "iOSApp-GoOutCheckList";
			};
			name = Release;
		};
/* End XCBuildConfiguration section */

/* Begin XCConfigurationList section */
		87B41B1828EAA1C1009F1046 /* Build configuration list for PBXProject "iOSApp-GoOutCheckList" */ = {
			isa = XCConfigurationList;
			buildConfigurations = (
				87B41B4528EAA1C2009F1046 /* Debug */,
				87B41B4628EAA1C2009F1046 /* Release */,
			);
			defaultConfigurationIsVisible = 0;
			defaultConfigurationName = Release;
		};
		87B41B4728EAA1C2009F1046 /* Build configuration list for PBXNativeTarget "iOSApp-GoOutCheckList" */ = {
			isa = XCConfigurationList;
			buildConfigurations = (
				87B41B4828EAA1C2009F1046 /* Debug */,
				87B41B4928EAA1C2009F1046 /* Release */,
			);
			defaultConfigurationIsVisible = 0;
			defaultConfigurationName = Release;
		};
		87B41B4A28EAA1C2009F1046 /* Build configuration list for PBXNativeTarget "iOSApp-GoOutCheckListTests" */ = {
			isa = XCConfigurationList;
			buildConfigurations = (
				87B41B4B28EAA1C2009F1046 /* Debug */,
				87B41B4C28EAA1C2009F1046 /* Release */,
			);
			defaultConfigurationIsVisible = 0;
			defaultConfigurationName = Release;
		};
		87B41B4D28EAA1C2009F1046 /* Build configuration list for PBXNativeTarget "iOSApp-GoOutCheckListUITests" */ = {
			isa = XCConfigurationList;
			buildConfigurations = (
				87B41B4E28EAA1C2009F1046 /* Debug */,
				87B41B4F28EAA1C2009F1046 /* Release */,
			);
			defaultConfigurationIsVisible = 0;
			defaultConfigurationName = Release;
		};
/* End XCConfigurationList section */
	};
	rootObject = 87B41B1528EAA1C1009F1046 /* Project object */;
}
