// !$*UTF8*$!
{
	archiveVersion = 1;
	classes = {
	};
	objectVersion = 56;
	objects = {

/* Begin PBXBuildFile section */
		87B41B2128EAA1C1009F1046 /* AppDelegate.swift in Sources */ = {isa = PBXBuildFile; fileRef = 87B41B2028EAA1C1009F1046 /* AppDelegate.swift */; };
		87B41B2328EAA1C1009F1046 /* SceneDelegate.swift in Sources */ = {isa = PBXBuildFile; fileRef = 87B41B2228EAA1C1009F1046 /* SceneDelegate.swift */; };
		87B41B2A28EAA1C2009F1046 /* Assets.xcassets in Resources */ = {isa = PBXBuildFile; fileRef = 87B41B2928EAA1C2009F1046 /* Assets.xcassets */; };
		87B41B2D28EAA1C2009F1046 /* LaunchScreen.storyboard in Resources */ = {isa = PBXBuildFile; fileRef = 87B41B2B28EAA1C2009F1046 /* LaunchScreen.storyboard */; };
		87B41B3828EAA1C2009F1046 /* iOSApp_GoOutCheckListTests.swift in Sources */ = {isa = PBXBuildFile; fileRef = 87B41B3728EAA1C2009F1046 /* iOSApp_GoOutCheckListTests.swift */; };
		87B41B4228EAA1C2009F1046 /* iOSApp_GoOutCheckListUITests.swift in Sources */ = {isa = PBXBuildFile; fileRef = 87B41B4128EAA1C2009F1046 /* iOSApp_GoOutCheckListUITests.swift */; };
		87B41B4428EAA1C2009F1046 /* iOSApp_GoOutCheckListUITestsLaunchTests.swift in Sources */ = {isa = PBXBuildFile; fileRef = 87B41B4328EAA1C2009F1046 /* iOSApp_GoOutCheckListUITestsLaunchTests.swift */; };
		87B41B8E28EABC7B009F1046 /* RxCocoa in Frameworks */ = {isa = PBXBuildFile; productRef = 87B41B8D28EABC7B009F1046 /* RxCocoa */; };
		87B41B9028EABC7B009F1046 /* RxRelay in Frameworks */ = {isa = PBXBuildFile; productRef = 87B41B8F28EABC7B009F1046 /* RxRelay */; };
		87B41B9228EABC7B009F1046 /* RxSwift in Frameworks */ = {isa = PBXBuildFile; productRef = 87B41B9128EABC7B009F1046 /* RxSwift */; };
		87B41B9528EABC94009F1046 /* PKHUD in Frameworks */ = {isa = PBXBuildFile; productRef = 87B41B9428EABC94009F1046 /* PKHUD */; };
		87B41B9D28EABD2A009F1046 /* Lottie in Frameworks */ = {isa = PBXBuildFile; productRef = 87B41B9C28EABD2A009F1046 /* Lottie */; };
		87B41BA028EABD8C009F1046 /* Realm in Frameworks */ = {isa = PBXBuildFile; productRef = 87B41B9F28EABD8C009F1046 /* Realm */; };
		87B41BA228EABD8C009F1046 /* RealmSwift in Frameworks */ = {isa = PBXBuildFile; productRef = 87B41BA128EABD8C009F1046 /* RealmSwift */; };
		87B41BAD28EAC572009F1046 /* CategoryListViewController.swift in Sources */ = {isa = PBXBuildFile; fileRef = 87B41BAB28EAC572009F1046 /* CategoryListViewController.swift */; };
		87B41BAE28EAC572009F1046 /* CategoryListViewController.xib in Resources */ = {isa = PBXBuildFile; fileRef = 87B41BAC28EAC572009F1046 /* CategoryListViewController.xib */; };
		87B41BB028EAC58C009F1046 /* CategoryListViewModel.swift in Sources */ = {isa = PBXBuildFile; fileRef = 87B41BAF28EAC58C009F1046 /* CategoryListViewModel.swift */; };
/* End PBXBuildFile section */

/* Begin PBXContainerItemProxy section */
		87B41B3428EAA1C2009F1046 /* PBXContainerItemProxy */ = {
			isa = PBXContainerItemProxy;
			containerPortal = 87B41B1528EAA1C1009F1046 /* Project object */;
			proxyType = 1;
			remoteGlobalIDString = 87B41B1C28EAA1C1009F1046;
			remoteInfo = "iOSApp-GoOutCheckList";
		};
		87B41B3E28EAA1C2009F1046 /* PBXContainerItemProxy */ = {
			isa = PBXContainerItemProxy;
			containerPortal = 87B41B1528EAA1C1009F1046 /* Project object */;
			proxyType = 1;
			remoteGlobalIDString = 87B41B1C28EAA1C1009F1046;
			remoteInfo = "iOSApp-GoOutCheckList";
		};
/* End PBXContainerItemProxy section */

/* Begin PBXFileReference section */
		87B41B1D28EAA1C1009F1046 /* iOSApp-GoOutCheckList.app */ = {isa = PBXFileReference; explicitFileType = wrapper.application; includeInIndex = 0; path = "iOSApp-GoOutCheckList.app"; sourceTree = BUILT_PRODUCTS_DIR; };
		87B41B2028EAA1C1009F1046 /* AppDelegate.swift */ = {isa = PBXFileReference; lastKnownFileType = sourcecode.swift; path = AppDelegate.swift; sourceTree = "<group>"; };
		87B41B2228EAA1C1009F1046 /* SceneDelegate.swift */ = {isa = PBXFileReference; lastKnownFileType = sourcecode.swift; path = SceneDelegate.swift; sourceTree = "<group>"; };
		87B41B2928EAA1C2009F1046 /* Assets.xcassets */ = {isa = PBXFileReference; lastKnownFileType = folder.assetcatalog; path = Assets.xcassets; sourceTree = "<group>"; };
		87B41B2C28EAA1C2009F1046 /* Base */ = {isa = PBXFileReference; lastKnownFileType = file.storyboard; name = Base; path = Base.lproj/LaunchScreen.storyboard; sourceTree = "<group>"; };
		87B41B2E28EAA1C2009F1046 /* Info.plist */ = {isa = PBXFileReference; lastKnownFileType = text.plist.xml; path = Info.plist; sourceTree = "<group>"; };
		87B41B3328EAA1C2009F1046 /* iOSApp-GoOutCheckListTests.xctest */ = {isa = PBXFileReference; explicitFileType = wrapper.cfbundle; includeInIndex = 0; path = "iOSApp-GoOutCheckListTests.xctest"; sourceTree = BUILT_PRODUCTS_DIR; };
		87B41B3728EAA1C2009F1046 /* iOSApp_GoOutCheckListTests.swift */ = {isa = PBXFileReference; lastKnownFileType = sourcecode.swift; path = iOSApp_GoOutCheckListTests.swift; sourceTree = "<group>"; };
		87B41B3D28EAA1C2009F1046 /* iOSApp-GoOutCheckListUITests.xctest */ = {isa = PBXFileReference; explicitFileType = wrapper.cfbundle; includeInIndex = 0; path = "iOSApp-GoOutCheckListUITests.xctest"; sourceTree = BUILT_PRODUCTS_DIR; };
		87B41B4128EAA1C2009F1046 /* iOSApp_GoOutCheckListUITests.swift */ = {isa = PBXFileReference; lastKnownFileType = sourcecode.swift; path = iOSApp_GoOutCheckListUITests.swift; sourceTree = "<group>"; };
		87B41B4328EAA1C2009F1046 /* iOSApp_GoOutCheckListUITestsLaunchTests.swift */ = {isa = PBXFileReference; lastKnownFileType = sourcecode.swift; path = iOSApp_GoOutCheckListUITestsLaunchTests.swift; sourceTree = "<group>"; };
		87B41BAB28EAC572009F1046 /* CategoryListViewController.swift */ = {isa = PBXFileReference; lastKnownFileType = sourcecode.swift; path = CategoryListViewController.swift; sourceTree = "<group>"; };
		87B41BAC28EAC572009F1046 /* CategoryListViewController.xib */ = {isa = PBXFileReference; lastKnownFileType = file.xib; path = CategoryListViewController.xib; sourceTree = "<group>"; };
		87B41BAF28EAC58C009F1046 /* CategoryListViewModel.swift */ = {isa = PBXFileReference; lastKnownFileType = sourcecode.swift; path = CategoryListViewModel.swift; sourceTree = "<group>"; };
/* End PBXFileReference section */

/* Begin PBXFrameworksBuildPhase section */
		87B41B1A28EAA1C1009F1046 /* Frameworks */ = {
			isa = PBXFrameworksBuildPhase;
			buildActionMask = 2147483647;
			files = (
				87B41BA028EABD8C009F1046 /* Realm in Frameworks */,
				87B41B9D28EABD2A009F1046 /* Lottie in Frameworks */,
				87B41BA228EABD8C009F1046 /* RealmSwift in Frameworks */,
				87B41B9228EABC7B009F1046 /* RxSwift in Frameworks */,
				87B41B9528EABC94009F1046 /* PKHUD in Frameworks */,
				87B41B9028EABC7B009F1046 /* RxRelay in Frameworks */,
				87B41B8E28EABC7B009F1046 /* RxCocoa in Frameworks */,
			);
			runOnlyForDeploymentPostprocessing = 0;
		};
		87B41B3028EAA1C2009F1046 /* Frameworks */ = {
			isa = PBXFrameworksBuildPhase;
			buildActionMask = 2147483647;
			files = (
			);
			runOnlyForDeploymentPostprocessing = 0;
		};
		87B41B3A28EAA1C2009F1046 /* Frameworks */ = {
			isa = PBXFrameworksBuildPhase;
			buildActionMask = 2147483647;
			files = (
			);
			runOnlyForDeploymentPostprocessing = 0;
		};
/* End PBXFrameworksBuildPhase section */

/* Begin PBXGroup section */
		87B41B1428EAA1C1009F1046 = {
			isa = PBXGroup;
			children = (
				87B41B1F28EAA1C1009F1046 /* iOSApp-GoOutCheckList */,
				87B41B3628EAA1C2009F1046 /* iOSApp-GoOutCheckListTests */,
				87B41B4028EAA1C2009F1046 /* iOSApp-GoOutCheckListUITests */,
				87B41B1E28EAA1C1009F1046 /* Products */,
			);
			sourceTree = "<group>";
		};
		87B41B1E28EAA1C1009F1046 /* Products */ = {
			isa = PBXGroup;
			children = (
				87B41B1D28EAA1C1009F1046 /* iOSApp-GoOutCheckList.app */,
				87B41B3328EAA1C2009F1046 /* iOSApp-GoOutCheckListTests.xctest */,
				87B41B3D28EAA1C2009F1046 /* iOSApp-GoOutCheckListUITests.xctest */,
			);
			name = Products;
			sourceTree = "<group>";
		};
		87B41B1F28EAA1C1009F1046 /* iOSApp-GoOutCheckList */ = {
			isa = PBXGroup;
			children = (
				87B41BA428EAC387009F1046 /* Models */,
				87B41BA528EAC38E009F1046 /* View */,
				87B41BA628EAC394009F1046 /* ViewModel */,
				87B41B2028EAA1C1009F1046 /* AppDelegate.swift */,
				87B41B2228EAA1C1009F1046 /* SceneDelegate.swift */,
				87B41B2928EAA1C2009F1046 /* Assets.xcassets */,
				87B41B2B28EAA1C2009F1046 /* LaunchScreen.storyboard */,
				87B41B2E28EAA1C2009F1046 /* Info.plist */,
			);
			path = "iOSApp-GoOutCheckList";
			sourceTree = "<group>";
		};
		87B41B3628EAA1C2009F1046 /* iOSApp-GoOutCheckListTests */ = {
			isa = PBXGroup;
			children = (
				87B41B3728EAA1C2009F1046 /* iOSApp_GoOutCheckListTests.swift */,
			);
			path = "iOSApp-GoOutCheckListTests";
			sourceTree = "<group>";
		};
		87B41B4028EAA1C2009F1046 /* iOSApp-GoOutCheckListUITests */ = {
			isa = PBXGroup;
			children = (
				87B41B4128EAA1C2009F1046 /* iOSApp_GoOutCheckListUITests.swift */,
				87B41B4328EAA1C2009F1046 /* iOSApp_GoOutCheckListUITestsLaunchTests.swift */,
			);
			path = "iOSApp-GoOutCheckListUITests";
			sourceTree = "<group>";
		};
		87B41BA428EAC387009F1046 /* Models */ = {
			isa = PBXGroup;
			children = (
			);
			path = Models;
			sourceTree = "<group>";
		};
		87B41BA528EAC38E009F1046 /* View */ = {
			isa = PBXGroup;
			children = (
				87B41BAB28EAC572009F1046 /* CategoryListViewController.swift */,
				87B41BAC28EAC572009F1046 /* CategoryListViewController.xib */,
			);
			path = View;
			sourceTree = "<group>";
		};
		87B41BA628EAC394009F1046 /* ViewModel */ = {
			isa = PBXGroup;
			children = (
				87B41BAF28EAC58C009F1046 /* CategoryListViewModel.swift */,
			);
			path = ViewModel;
			sourceTree = "<group>";
		};
/* End PBXGroup section */

/* Begin PBXNativeTarget section */
		87B41B1C28EAA1C1009F1046 /* iOSApp-GoOutCheckList */ = {
			isa = PBXNativeTarget;
			buildConfigurationList = 87B41B4728EAA1C2009F1046 /* Build configuration list for PBXNativeTarget "iOSApp-GoOutCheckList" */;
			buildPhases = (
				87B41B1928EAA1C1009F1046 /* Sources */,
				87B41B1A28EAA1C1009F1046 /* Frameworks */,
				87B41B1B28EAA1C1009F1046 /* Resources */,
			);
			buildRules = (
			);
			dependencies = (
			);
			name = "iOSApp-GoOutCheckList";
			packageProductDependencies = (
				87B41B8D28EABC7B009F1046 /* RxCocoa */,
				87B41B8F28EABC7B009F1046 /* RxRelay */,
				87B41B9128EABC7B009F1046 /* RxSwift */,
				87B41B9428EABC94009F1046 /* PKHUD */,
				87B41B9C28EABD2A009F1046 /* Lottie */,
				87B41B9F28EABD8C009F1046 /* Realm */,
				87B41BA128EABD8C009F1046 /* RealmSwift */,
			);
			productName = "iOSApp-GoOutCheckList";
			productReference = 87B41B1D28EAA1C1009F1046 /* iOSApp-GoOutCheckList.app */;
			productType = "com.apple.product-type.application";
		};
		87B41B3228EAA1C2009F1046 /* iOSApp-GoOutCheckListTests */ = {
			isa = PBXNativeTarget;
			buildConfigurationList = 87B41B4A28EAA1C2009F1046 /* Build configuration list for PBXNativeTarget "iOSApp-GoOutCheckListTests" */;
			buildPhases = (
				87B41B2F28EAA1C2009F1046 /* Sources */,
				87B41B3028EAA1C2009F1046 /* Frameworks */,
				87B41B3128EAA1C2009F1046 /* Resources */,
			);
			buildRules = (
			);
			dependencies = (
				87B41B3528EAA1C2009F1046 /* PBXTargetDependency */,
			);
			name = "iOSApp-GoOutCheckListTests";
			productName = "iOSApp-GoOutCheckListTests";
			productReference = 87B41B3328EAA1C2009F1046 /* iOSApp-GoOutCheckListTests.xctest */;
			productType = "com.apple.product-type.bundle.unit-test";
		};
		87B41B3C28EAA1C2009F1046 /* iOSApp-GoOutCheckListUITests */ = {
			isa = PBXNativeTarget;
			buildConfigurationList = 87B41B4D28EAA1C2009F1046 /* Build configuration list for PBXNativeTarget "iOSApp-GoOutCheckListUITests" */;
			buildPhases = (
				87B41B3928EAA1C2009F1046 /* Sources */,
				87B41B3A28EAA1C2009F1046 /* Frameworks */,
				87B41B3B28EAA1C2009F1046 /* Resources */,
			);
			buildRules = (
			);
			dependencies = (
				87B41B3F28EAA1C2009F1046 /* PBXTargetDependency */,
			);
			name = "iOSApp-GoOutCheckListUITests";
			productName = "iOSApp-GoOutCheckListUITests";
			productReference = 87B41B3D28EAA1C2009F1046 /* iOSApp-GoOutCheckListUITests.xctest */;
			productType = "com.apple.product-type.bundle.ui-testing";
		};
/* End PBXNativeTarget section */

/* Begin PBXProject section */
		87B41B1528EAA1C1009F1046 /* Project object */ = {
			isa = PBXProject;
			attributes = {
				BuildIndependentTargetsInParallel = 1;
				LastSwiftUpdateCheck = 1400;
				LastUpgradeCheck = 1400;
				TargetAttributes = {
					87B41B1C28EAA1C1009F1046 = {
						CreatedOnToolsVersion = 14.0.1;
					};
					87B41B3228EAA1C2009F1046 = {
						CreatedOnToolsVersion = 14.0.1;
						TestTargetID = 87B41B1C28EAA1C1009F1046;
					};
					87B41B3C28EAA1C2009F1046 = {
						CreatedOnToolsVersion = 14.0.1;
						TestTargetID = 87B41B1C28EAA1C1009F1046;
					};
				};
			};
			buildConfigurationList = 87B41B1828EAA1C1009F1046 /* Build configuration list for PBXProject "iOSApp-GoOutCheckList" */;
			compatibilityVersion = "Xcode 14.0";
			developmentRegion = en;
			hasScannedForEncodings = 0;
			knownRegions = (
				en,
				Base,
			);
			mainGroup = 87B41B1428EAA1C1009F1046;
			packageReferences = (
				87B41B8C28EABC7B009F1046 /* XCRemoteSwiftPackageReference "RxSwift" */,
				87B41B9328EABC94009F1046 /* XCRemoteSwiftPackageReference "PKHUD" */,
				87B41B9B28EABD2A009F1046 /* XCRemoteSwiftPackageReference "lottie-ios" */,
				87B41B9E28EABD8C009F1046 /* XCRemoteSwiftPackageReference "realm-swift" */,
			);
			productRefGroup = 87B41B1E28EAA1C1009F1046 /* Products */;
			projectDirPath = "";
			projectRoot = "";
			targets = (
				87B41B1C28EAA1C1009F1046 /* iOSApp-GoOutCheckList */,
				87B41B3228EAA1C2009F1046 /* iOSApp-GoOutCheckListTests */,
				87B41B3C28EAA1C2009F1046 /* iOSApp-GoOutCheckListUITests */,
			);
		};
/* End PBXProject section */

/* Begin PBXResourcesBuildPhase section */
		87B41B1B28EAA1C1009F1046 /* Resources */ = {
			isa = PBXResourcesBuildPhase;
			buildActionMask = 2147483647;
			files = (
				87B41B2D28EAA1C2009F1046 /* LaunchScreen.storyboard in Resources */,
				87B41BAE28EAC572009F1046 /* CategoryListViewController.xib in Resources */,
				87B41B2A28EAA1C2009F1046 /* Assets.xcassets in Resources */,
			);
			runOnlyForDeploymentPostprocessing = 0;
		};
		87B41B3128EAA1C2009F1046 /* Resources */ = {
			isa = PBXResourcesBuildPhase;
			buildActionMask = 2147483647;
			files = (
			);
			runOnlyForDeploymentPostprocessing = 0;
		};
		87B41B3B28EAA1C2009F1046 /* Resources */ = {
			isa = PBXResourcesBuildPhase;
			buildActionMask = 2147483647;
			files = (
			);
			runOnlyForDeploymentPostprocessing = 0;
		};
/* End PBXResourcesBuildPhase section */

/* Begin PBXSourcesBuildPhase section */
		87B41B1928EAA1C1009F1046 /* Sources */ = {
			isa = PBXSourcesBuildPhase;
			buildActionMask = 2147483647;
			files = (
				87B41BB028EAC58C009F1046 /* CategoryListViewModel.swift in Sources */,
				87B41B2128EAA1C1009F1046 /* AppDelegate.swift in Sources */,
				87B41B2328EAA1C1009F1046 /* SceneDelegate.swift in Sources */,
				87B41BAD28EAC572009F1046 /* CategoryListViewController.swift in Sources */,
			);
			runOnlyForDeploymentPostprocessing = 0;
		};
		87B41B2F28EAA1C2009F1046 /* Sources */ = {
			isa = PBXSourcesBuildPhase;
			buildActionMask = 2147483647;
			files = (
				87B41B3828EAA1C2009F1046 /* iOSApp_GoOutCheckListTests.swift in Sources */,
			);
			runOnlyForDeploymentPostprocessing = 0;
		};
		87B41B3928EAA1C2009F1046 /* Sources */ = {
			isa = PBXSourcesBuildPhase;
			buildActionMask = 2147483647;
			files = (
				87B41B4428EAA1C2009F1046 /* iOSApp_GoOutCheckListUITestsLaunchTests.swift in Sources */,
				87B41B4228EAA1C2009F1046 /* iOSApp_GoOutCheckListUITests.swift in Sources */,
			);
			runOnlyForDeploymentPostprocessing = 0;
		};
/* End PBXSourcesBuildPhase section */

/* Begin PBXTargetDependency section */
		87B41B3528EAA1C2009F1046 /* PBXTargetDependency */ = {
			isa = PBXTargetDependency;
			target = 87B41B1C28EAA1C1009F1046 /* iOSApp-GoOutCheckList */;
			targetProxy = 87B41B3428EAA1C2009F1046 /* PBXContainerItemProxy */;
		};
		87B41B3F28EAA1C2009F1046 /* PBXTargetDependency */ = {
			isa = PBXTargetDependency;
			target = 87B41B1C28EAA1C1009F1046 /* iOSApp-GoOutCheckList */;
			targetProxy = 87B41B3E28EAA1C2009F1046 /* PBXContainerItemProxy */;
		};
/* End PBXTargetDependency section */

/* Begin PBXVariantGroup section */
		87B41B2B28EAA1C2009F1046 /* LaunchScreen.storyboard */ = {
			isa = PBXVariantGroup;
			children = (
				87B41B2C28EAA1C2009F1046 /* Base */,
			);
			name = LaunchScreen.storyboard;
			sourceTree = "<group>";
		};
/* End PBXVariantGroup section */

/* Begin XCBuildConfiguration section */
		87B41B4528EAA1C2009F1046 /* Debug */ = {
			isa = XCBuildConfiguration;
			buildSettings = {
				ALWAYS_SEARCH_USER_PATHS = NO;
				CLANG_ANALYZER_NONNULL = YES;
				CLANG_ANALYZER_NUMBER_OBJECT_CONVERSION = YES_AGGRESSIVE;
				CLANG_CXX_LANGUAGE_STANDARD = "gnu++20";
				CLANG_ENABLE_MODULES = YES;
				CLANG_ENABLE_OBJC_ARC = YES;
				CLANG_ENABLE_OBJC_WEAK = YES;
				CLANG_WARN_BLOCK_CAPTURE_AUTORELEASING = YES;
				CLANG_WARN_BOOL_CONVERSION = YES;
				CLANG_WARN_COMMA = YES;
				CLANG_WARN_CONSTANT_CONVERSION = YES;
				CLANG_WARN_DEPRECATED_OBJC_IMPLEMENTATIONS = YES;
				CLANG_WARN_DIRECT_OBJC_ISA_USAGE = YES_ERROR;
				CLANG_WARN_DOCUMENTATION_COMMENTS = YES;
				CLANG_WARN_EMPTY_BODY = YES;
				CLANG_WARN_ENUM_CONVERSION = YES;
				CLANG_WARN_INFINITE_RECURSION = YES;
				CLANG_WARN_INT_CONVERSION = YES;
				CLANG_WARN_NON_LITERAL_NULL_CONVERSION = YES;
				CLANG_WARN_OBJC_IMPLICIT_RETAIN_SELF = YES;
				CLANG_WARN_OBJC_LITERAL_CONVERSION = YES;
				CLANG_WARN_OBJC_ROOT_CLASS = YES_ERROR;
				CLANG_WARN_QUOTED_INCLUDE_IN_FRAMEWORK_HEADER = YES;
				CLANG_WARN_RANGE_LOOP_ANALYSIS = YES;
				CLANG_WARN_STRICT_PROTOTYPES = YES;
				CLANG_WARN_SUSPICIOUS_MOVE = YES;
				CLANG_WARN_UNGUARDED_AVAILABILITY = YES_AGGRESSIVE;
				CLANG_WARN_UNREACHABLE_CODE = YES;
				CLANG_WARN__DUPLICATE_METHOD_MATCH = YES;
				COPY_PHASE_STRIP = NO;
				DEBUG_INFORMATION_FORMAT = dwarf;
				ENABLE_STRICT_OBJC_MSGSEND = YES;
				ENABLE_TESTABILITY = YES;
				GCC_C_LANGUAGE_STANDARD = gnu11;
				GCC_DYNAMIC_NO_PIC = NO;
				GCC_NO_COMMON_BLOCKS = YES;
				GCC_OPTIMIZATION_LEVEL = 0;
				GCC_PREPROCESSOR_DEFINITIONS = (
					"DEBUG=1",
					"$(inherited)",
				);
				GCC_WARN_64_TO_32_BIT_CONVERSION = YES;
				GCC_WARN_ABOUT_RETURN_TYPE = YES_ERROR;
				GCC_WARN_UNDECLARED_SELECTOR = YES;
				GCC_WARN_UNINITIALIZED_AUTOS = YES_AGGRESSIVE;
				GCC_WARN_UNUSED_FUNCTION = YES;
				GCC_WARN_UNUSED_VARIABLE = YES;
				IPHONEOS_DEPLOYMENT_TARGET = 13.0;
				MTL_ENABLE_DEBUG_INFO = INCLUDE_SOURCE;
				MTL_FAST_MATH = YES;
				ONLY_ACTIVE_ARCH = YES;
				SDKROOT = iphoneos;
				SWIFT_ACTIVE_COMPILATION_CONDITIONS = DEBUG;
				SWIFT_OPTIMIZATION_LEVEL = "-Onone";
			};
			name = Debug;
		};
		87B41B4628EAA1C2009F1046 /* Release */ = {
			isa = XCBuildConfiguration;
			buildSettings = {
				ALWAYS_SEARCH_USER_PATHS = NO;
				CLANG_ANALYZER_NONNULL = YES;
				CLANG_ANALYZER_NUMBER_OBJECT_CONVERSION = YES_AGGRESSIVE;
				CLANG_CXX_LANGUAGE_STANDARD = "gnu++20";
				CLANG_ENABLE_MODULES = YES;
				CLANG_ENABLE_OBJC_ARC = YES;
				CLANG_ENABLE_OBJC_WEAK = YES;
				CLANG_WARN_BLOCK_CAPTURE_AUTORELEASING = YES;
				CLANG_WARN_BOOL_CONVERSION = YES;
				CLANG_WARN_COMMA = YES;
				CLANG_WARN_CONSTANT_CONVERSION = YES;
				CLANG_WARN_DEPRECATED_OBJC_IMPLEMENTATIONS = YES;
				CLANG_WARN_DIRECT_OBJC_ISA_USAGE = YES_ERROR;
				CLANG_WARN_DOCUMENTATION_COMMENTS = YES;
				CLANG_WARN_EMPTY_BODY = YES;
				CLANG_WARN_ENUM_CONVERSION = YES;
				CLANG_WARN_INFINITE_RECURSION = YES;
				CLANG_WARN_INT_CONVERSION = YES;
				CLANG_WARN_NON_LITERAL_NULL_CONVERSION = YES;
				CLANG_WARN_OBJC_IMPLICIT_RETAIN_SELF = YES;
				CLANG_WARN_OBJC_LITERAL_CONVERSION = YES;
				CLANG_WARN_OBJC_ROOT_CLASS = YES_ERROR;
				CLANG_WARN_QUOTED_INCLUDE_IN_FRAMEWORK_HEADER = YES;
				CLANG_WARN_RANGE_LOOP_ANALYSIS = YES;
				CLANG_WARN_STRICT_PROTOTYPES = YES;
				CLANG_WARN_SUSPICIOUS_MOVE = YES;
				CLANG_WARN_UNGUARDED_AVAILABILITY = YES_AGGRESSIVE;
				CLANG_WARN_UNREACHABLE_CODE = YES;
				CLANG_WARN__DUPLICATE_METHOD_MATCH = YES;
				COPY_PHASE_STRIP = NO;
				DEBUG_INFORMATION_FORMAT = "dwarf-with-dsym";
				ENABLE_NS_ASSERTIONS = NO;
				ENABLE_STRICT_OBJC_MSGSEND = YES;
				GCC_C_LANGUAGE_STANDARD = gnu11;
				GCC_NO_COMMON_BLOCKS = YES;
				GCC_WARN_64_TO_32_BIT_CONVERSION = YES;
				GCC_WARN_ABOUT_RETURN_TYPE = YES_ERROR;
				GCC_WARN_UNDECLARED_SELECTOR = YES;
				GCC_WARN_UNINITIALIZED_AUTOS = YES_AGGRESSIVE;
				GCC_WARN_UNUSED_FUNCTION = YES;
				GCC_WARN_UNUSED_VARIABLE = YES;
				IPHONEOS_DEPLOYMENT_TARGET = 13.0;
				MTL_ENABLE_DEBUG_INFO = NO;
				MTL_FAST_MATH = YES;
				SDKROOT = iphoneos;
				SWIFT_COMPILATION_MODE = wholemodule;
				SWIFT_OPTIMIZATION_LEVEL = "-O";
				VALIDATE_PRODUCT = YES;
			};
			name = Release;
		};
		87B41B4828EAA1C2009F1046 /* Debug */ = {
			isa = XCBuildConfiguration;
			buildSettings = {
				ASSETCATALOG_COMPILER_APPICON_NAME = AppIcon;
				ASSETCATALOG_COMPILER_GLOBAL_ACCENT_COLOR_NAME = AccentColor;
				CODE_SIGN_STYLE = Automatic;
				CURRENT_PROJECT_VERSION = 1;
				DEVELOPMENT_TEAM = 558ZJSQN67;
				GENERATE_INFOPLIST_FILE = YES;
				INFOPLIST_FILE = "iOSApp-GoOutCheckList/Info.plist";
				INFOPLIST_KEY_UIApplicationSupportsIndirectInputEvents = YES;
				INFOPLIST_KEY_UILaunchStoryboardName = LaunchScreen.storyboard;
				INFOPLIST_KEY_UISupportedInterfaceOrientations_iPad = "UIInterfaceOrientationPortrait UIInterfaceOrientationPortraitUpsideDown UIInterfaceOrientationLandscapeLeft UIInterfaceOrientationLandscapeRight";
				INFOPLIST_KEY_UISupportedInterfaceOrientations_iPhone = "UIInterfaceOrientationPortrait UIInterfaceOrientationLandscapeLeft UIInterfaceOrientationLandscapeRight";
				INFOPLIST_KEY_UIUserInterfaceStyle = Light;
				IPHONEOS_DEPLOYMENT_TARGET = 13.0;
				LD_RUNPATH_SEARCH_PATHS = (
					"$(inherited)",
					"@executable_path/Frameworks",
				);
				MARKETING_VERSION = 1.0;
				PRODUCT_BUNDLE_IDENTIFIER = "org.tetoblog.iOSApp-GoOutCheckList";
				PRODUCT_NAME = "$(TARGET_NAME)";
				SWIFT_EMIT_LOC_STRINGS = YES;
				SWIFT_VERSION = 5.0;
				TARGETED_DEVICE_FAMILY = "1,2";
			};
			name = Debug;
		};
		87B41B4928EAA1C2009F1046 /* Release */ = {
			isa = XCBuildConfiguration;
			buildSettings = {
				ASSETCATALOG_COMPILER_APPICON_NAME = AppIcon;
				ASSETCATALOG_COMPILER_GLOBAL_ACCENT_COLOR_NAME = AccentColor;
				CODE_SIGN_STYLE = Automatic;
				CURRENT_PROJECT_VERSION = 1;
				DEVELOPMENT_TEAM = 558ZJSQN67;
				GENERATE_INFOPLIST_FILE = YES;
				INFOPLIST_FILE = "iOSApp-GoOutCheckList/Info.plist";
				INFOPLIST_KEY_UIApplicationSupportsIndirectInputEvents = YES;
				INFOPLIST_KEY_UILaunchStoryboardName = LaunchScreen.storyboard;
				INFOPLIST_KEY_UISupportedInterfaceOrientations_iPad = "UIInterfaceOrientationPortrait UIInterfaceOrientationPortraitUpsideDown UIInterfaceOrientationLandscapeLeft UIInterfaceOrientationLandscapeRight";
				INFOPLIST_KEY_UISupportedInterfaceOrientations_iPhone = "UIInterfaceOrientationPortrait UIInterfaceOrientationLandscapeLeft UIInterfaceOrientationLandscapeRight";
				INFOPLIST_KEY_UIUserInterfaceStyle = Light;
				IPHONEOS_DEPLOYMENT_TARGET = 13.0;
				LD_RUNPATH_SEARCH_PATHS = (
					"$(inherited)",
					"@executable_path/Frameworks",
				);
				MARKETING_VERSION = 1.0;
				PRODUCT_BUNDLE_IDENTIFIER = "org.tetoblog.iOSApp-GoOutCheckList";
				PRODUCT_NAME = "$(TARGET_NAME)";
				SWIFT_EMIT_LOC_STRINGS = YES;
				SWIFT_VERSION = 5.0;
				TARGETED_DEVICE_FAMILY = "1,2";
			};
			name = Release;
		};
		87B41B4B28EAA1C2009F1046 /* Debug */ = {
			isa = XCBuildConfiguration;
			buildSettings = {
				ALWAYS_EMBED_SWIFT_STANDARD_LIBRARIES = YES;
				BUNDLE_LOADER = "$(TEST_HOST)";
				CODE_SIGN_STYLE = Automatic;
				CURRENT_PROJECT_VERSION = 1;
				DEVELOPMENT_TEAM = 558ZJSQN67;
				GENERATE_INFOPLIST_FILE = YES;
				IPHONEOS_DEPLOYMENT_TARGET = 16.0;
				MARKETING_VERSION = 1.0;
				PRODUCT_BUNDLE_IDENTIFIER = "org.tetoblog.iOSApp-GoOutCheckListTests";
				PRODUCT_NAME = "$(TARGET_NAME)";
				SWIFT_EMIT_LOC_STRINGS = NO;
				SWIFT_VERSION = 5.0;
				TARGETED_DEVICE_FAMILY = "1,2";
				TEST_HOST = "$(BUILT_PRODUCTS_DIR)/iOSApp-GoOutCheckList.app/$(BUNDLE_EXECUTABLE_FOLDER_PATH)/iOSApp-GoOutCheckList";
			};
			name = Debug;
		};
		87B41B4C28EAA1C2009F1046 /* Release */ = {
			isa = XCBuildConfiguration;
			buildSettings = {
				ALWAYS_EMBED_SWIFT_STANDARD_LIBRARIES = YES;
				BUNDLE_LOADER = "$(TEST_HOST)";
				CODE_SIGN_STYLE = Automatic;
				CURRENT_PROJECT_VERSION = 1;
				DEVELOPMENT_TEAM = 558ZJSQN67;
				GENERATE_INFOPLIST_FILE = YES;
				IPHONEOS_DEPLOYMENT_TARGET = 16.0;
				MARKETING_VERSION = 1.0;
				PRODUCT_BUNDLE_IDENTIFIER = "org.tetoblog.iOSApp-GoOutCheckListTests";
				PRODUCT_NAME = "$(TARGET_NAME)";
				SWIFT_EMIT_LOC_STRINGS = NO;
				SWIFT_VERSION = 5.0;
				TARGETED_DEVICE_FAMILY = "1,2";
				TEST_HOST = "$(BUILT_PRODUCTS_DIR)/iOSApp-GoOutCheckList.app/$(BUNDLE_EXECUTABLE_FOLDER_PATH)/iOSApp-GoOutCheckList";
			};
			name = Release;
		};
		87B41B4E28EAA1C2009F1046 /* Debug */ = {
			isa = XCBuildConfiguration;
			buildSettings = {
				ALWAYS_EMBED_SWIFT_STANDARD_LIBRARIES = YES;
				CODE_SIGN_STYLE = Automatic;
				CURRENT_PROJECT_VERSION = 1;
				DEVELOPMENT_TEAM = 558ZJSQN67;
				GENERATE_INFOPLIST_FILE = YES;
				MARKETING_VERSION = 1.0;
				PRODUCT_BUNDLE_IDENTIFIER = "org.tetoblog.iOSApp-GoOutCheckListUITests";
				PRODUCT_NAME = "$(TARGET_NAME)";
				SWIFT_EMIT_LOC_STRINGS = NO;
				SWIFT_VERSION = 5.0;
				TARGETED_DEVICE_FAMILY = "1,2";
				TEST_TARGET_NAME = "iOSApp-GoOutCheckList";
			};
			name = Debug;
		};
		87B41B4F28EAA1C2009F1046 /* Release */ = {
			isa = XCBuildConfiguration;
			buildSettings = {
				ALWAYS_EMBED_SWIFT_STANDARD_LIBRARIES = YES;
				CODE_SIGN_STYLE = Automatic;
				CURRENT_PROJECT_VERSION = 1;
				DEVELOPMENT_TEAM = 558ZJSQN67;
				GENERATE_INFOPLIST_FILE = YES;
				MARKETING_VERSION = 1.0;
				PRODUCT_BUNDLE_IDENTIFIER = "org.tetoblog.iOSApp-GoOutCheckListUITests";
				PRODUCT_NAME = "$(TARGET_NAME)";
				SWIFT_EMIT_LOC_STRINGS = NO;
				SWIFT_VERSION = 5.0;
				TARGETED_DEVICE_FAMILY = "1,2";
				TEST_TARGET_NAME = "iOSApp-GoOutCheckList";
			};
			name = Release;
		};
/* End XCBuildConfiguration section */

/* Begin XCConfigurationList section */
		87B41B1828EAA1C1009F1046 /* Build configuration list for PBXProject "iOSApp-GoOutCheckList" */ = {
			isa = XCConfigurationList;
			buildConfigurations = (
				87B41B4528EAA1C2009F1046 /* Debug */,
				87B41B4628EAA1C2009F1046 /* Release */,
			);
			defaultConfigurationIsVisible = 0;
			defaultConfigurationName = Release;
		};
		87B41B4728EAA1C2009F1046 /* Build configuration list for PBXNativeTarget "iOSApp-GoOutCheckList" */ = {
			isa = XCConfigurationList;
			buildConfigurations = (
				87B41B4828EAA1C2009F1046 /* Debug */,
				87B41B4928EAA1C2009F1046 /* Release */,
			);
			defaultConfigurationIsVisible = 0;
			defaultConfigurationName = Release;
		};
		87B41B4A28EAA1C2009F1046 /* Build configuration list for PBXNativeTarget "iOSApp-GoOutCheckListTests" */ = {
			isa = XCConfigurationList;
			buildConfigurations = (
				87B41B4B28EAA1C2009F1046 /* Debug */,
				87B41B4C28EAA1C2009F1046 /* Release */,
			);
			defaultConfigurationIsVisible = 0;
			defaultConfigurationName = Release;
		};
		87B41B4D28EAA1C2009F1046 /* Build configuration list for PBXNativeTarget "iOSApp-GoOutCheckListUITests" */ = {
			isa = XCConfigurationList;
			buildConfigurations = (
				87B41B4E28EAA1C2009F1046 /* Debug */,
				87B41B4F28EAA1C2009F1046 /* Release */,
			);
			defaultConfigurationIsVisible = 0;
			defaultConfigurationName = Release;
		};
/* End XCConfigurationList section */

/* Begin XCRemoteSwiftPackageReference section */
		87B41B8C28EABC7B009F1046 /* XCRemoteSwiftPackageReference "RxSwift" */ = {
			isa = XCRemoteSwiftPackageReference;
			repositoryURL = "https://github.com/ReactiveX/RxSwift";
			requirement = {
				branch = main;
				kind = branch;
			};
		};
		87B41B9328EABC94009F1046 /* XCRemoteSwiftPackageReference "PKHUD" */ = {
			isa = XCRemoteSwiftPackageReference;
			repositoryURL = "https://github.com/pkluz/PKHUD";
			requirement = {
				branch = master;
				kind = branch;
			};
		};
		87B41B9B28EABD2A009F1046 /* XCRemoteSwiftPackageReference "lottie-ios" */ = {
			isa = XCRemoteSwiftPackageReference;
			repositoryURL = "https://github.com/airbnb/lottie-ios";
			requirement = {
				kind = upToNextMajorVersion;
				minimumVersion = 3.0.0;
			};
		};
		87B41B9E28EABD8C009F1046 /* XCRemoteSwiftPackageReference "realm-swift" */ = {
			isa = XCRemoteSwiftPackageReference;
			repositoryURL = "https://github.com/realm/realm-swift";
			requirement = {
				branch = master;
				kind = branch;
			};
		};
/* End XCRemoteSwiftPackageReference section */

/* Begin XCSwiftPackageProductDependency section */
		87B41B8D28EABC7B009F1046 /* RxCocoa */ = {
			isa = XCSwiftPackageProductDependency;
			package = 87B41B8C28EABC7B009F1046 /* XCRemoteSwiftPackageReference "RxSwift" */;
			productName = RxCocoa;
		};
		87B41B8F28EABC7B009F1046 /* RxRelay */ = {
			isa = XCSwiftPackageProductDependency;
			package = 87B41B8C28EABC7B009F1046 /* XCRemoteSwiftPackageReference "RxSwift" */;
			productName = RxRelay;
		};
		87B41B9128EABC7B009F1046 /* RxSwift */ = {
			isa = XCSwiftPackageProductDependency;
			package = 87B41B8C28EABC7B009F1046 /* XCRemoteSwiftPackageReference "RxSwift" */;
			productName = RxSwift;
		};
		87B41B9428EABC94009F1046 /* PKHUD */ = {
			isa = XCSwiftPackageProductDependency;
			package = 87B41B9328EABC94009F1046 /* XCRemoteSwiftPackageReference "PKHUD" */;
			productName = PKHUD;
		};
		87B41B9C28EABD2A009F1046 /* Lottie */ = {
			isa = XCSwiftPackageProductDependency;
			package = 87B41B9B28EABD2A009F1046 /* XCRemoteSwiftPackageReference "lottie-ios" */;
			productName = Lottie;
		};
		87B41B9F28EABD8C009F1046 /* Realm */ = {
			isa = XCSwiftPackageProductDependency;
			package = 87B41B9E28EABD8C009F1046 /* XCRemoteSwiftPackageReference "realm-swift" */;
			productName = Realm;
		};
		87B41BA128EABD8C009F1046 /* RealmSwift */ = {
			isa = XCSwiftPackageProductDependency;
			package = 87B41B9E28EABD8C009F1046 /* XCRemoteSwiftPackageReference "realm-swift" */;
			productName = RealmSwift;
		};
/* End XCSwiftPackageProductDependency section */
	};
	rootObject = 87B41B1528EAA1C1009F1046 /* Project object */;
}
